
Microsoft Visual Studio Solution File, Format Version 10.00
# Visual Studio 2008
Project("{8BC9CEB8-8B4A-11D0-8D11-00A0C91BC942}") = "ZoneServer", "src\ZoneServer\ZoneServer.vcproj", "{003C0A20-ACBE-498D-A674-3938FF4AF5AB}"
	ProjectSection(ProjectDependencies) = postProject
		{4815FC14-2F78-46DC-A2FA-AD5952B9F9C2} = {4815FC14-2F78-46DC-A2FA-AD5952B9F9C2}
		{EC58D023-5E29-4A07-9757-D6DB011D7ADA} = {EC58D023-5E29-4A07-9757-D6DB011D7ADA}
		{10FA5325-05CF-44A7-B91D-2622DA13A62B} = {10FA5325-05CF-44A7-B91D-2622DA13A62B}
		{304D5734-E599-438C-B157-900AC4BFCF9E} = {304D5734-E599-438C-B157-900AC4BFCF9E}
		{40722F52-D780-4B98-B77D-D414AC10F2C5} = {40722F52-D780-4B98-B77D-D414AC10F2C5}
		{4FC62B5E-C520-4523-8387-EB71D19612F6} = {4FC62B5E-C520-4523-8387-EB71D19612F6}
		{A5639F60-42C1-4FDA-97CE-BC2D5AD7184D} = {A5639F60-42C1-4FDA-97CE-BC2D5AD7184D}
		{9814DF65-13A9-458B-8CA8-89C0805F5088} = {9814DF65-13A9-458B-8CA8-89C0805F5088}
		{28B3C683-1A5B-4EF6-B91B-5626E60327F5} = {28B3C683-1A5B-4EF6-B91B-5626E60327F5}
		{CDD46495-780F-480C-83EB-37CDDE3E40DE} = {CDD46495-780F-480C-83EB-37CDDE3E40DE}
		{9FE2DA9A-29CF-43FB-8DE0-317B854C3D41} = {9FE2DA9A-29CF-43FB-8DE0-317B854C3D41}
		{347AEA9B-87C3-4A86-A2ED-B5E5C44FBAB4} = {347AEA9B-87C3-4A86-A2ED-B5E5C44FBAB4}
		{9770A5AA-27F8-4818-9216-C6C1BE80FE2D} = {9770A5AA-27F8-4818-9216-C6C1BE80FE2D}
		{779550D9-FCF1-4A40-A49D-C8E68CFBB6B6} = {779550D9-FCF1-4A40-A49D-C8E68CFBB6B6}
		{FDE22AF5-E13B-4B15-A18F-F4F238671408} = {FDE22AF5-E13B-4B15-A18F-F4F238671408}
	EndProjectSection
EndProject
Project("{8BC9CEB8-8B4A-11D0-8D11-00A0C91BC942}") = "AdminServer", "src\AdminServer\AdminServer.vcproj", "{4815FC14-2F78-46DC-A2FA-AD5952B9F9C2}"
	ProjectSection(ProjectDependencies) = postProject
		{10FA5325-05CF-44A7-B91D-2622DA13A62B} = {10FA5325-05CF-44A7-B91D-2622DA13A62B}
		{40722F52-D780-4B98-B77D-D414AC10F2C5} = {40722F52-D780-4B98-B77D-D414AC10F2C5}
		{4FC62B5E-C520-4523-8387-EB71D19612F6} = {4FC62B5E-C520-4523-8387-EB71D19612F6}
		{A5639F60-42C1-4FDA-97CE-BC2D5AD7184D} = {A5639F60-42C1-4FDA-97CE-BC2D5AD7184D}
		{28B3C683-1A5B-4EF6-B91B-5626E60327F5} = {28B3C683-1A5B-4EF6-B91B-5626E60327F5}
	EndProjectSection
EndProject
Project("{8BC9CEB8-8B4A-11D0-8D11-00A0C91BC942}") = "ChatServer", "src\ChatServer\ChatServer.vcproj", "{CDD46495-780F-480C-83EB-37CDDE3E40DE}"
	ProjectSection(ProjectDependencies) = postProject
		{10FA5325-05CF-44A7-B91D-2622DA13A62B} = {10FA5325-05CF-44A7-B91D-2622DA13A62B}
		{40722F52-D780-4B98-B77D-D414AC10F2C5} = {40722F52-D780-4B98-B77D-D414AC10F2C5}
		{4FC62B5E-C520-4523-8387-EB71D19612F6} = {4FC62B5E-C520-4523-8387-EB71D19612F6}
		{A5639F60-42C1-4FDA-97CE-BC2D5AD7184D} = {A5639F60-42C1-4FDA-97CE-BC2D5AD7184D}
		{28B3C683-1A5B-4EF6-B91B-5626E60327F5} = {28B3C683-1A5B-4EF6-B91B-5626E60327F5}
	EndProjectSection
EndProject
Project("{8BC9CEB8-8B4A-11D0-8D11-00A0C91BC942}") = "Common", "src\Common\Common.vcproj", "{40722F52-D780-4B98-B77D-D414AC10F2C5}"
EndProject
Project("{8BC9CEB8-8B4A-11D0-8D11-00A0C91BC942}") = "ConfigManager", "src\ConfigManager\ConfigManager.vcproj", "{10FA5325-05CF-44A7-B91D-2622DA13A62B}"
EndProject
Project("{8BC9CEB8-8B4A-11D0-8D11-00A0C91BC942}") = "ConnectionServer", "src\ConnectionServer\ConnectionServer.vcproj", "{304D5734-E599-438C-B157-900AC4BFCF9E}"
	ProjectSection(ProjectDependencies) = postProject
		{EC58D023-5E29-4A07-9757-D6DB011D7ADA} = {EC58D023-5E29-4A07-9757-D6DB011D7ADA}
		{10FA5325-05CF-44A7-B91D-2622DA13A62B} = {10FA5325-05CF-44A7-B91D-2622DA13A62B}
		{40722F52-D780-4B98-B77D-D414AC10F2C5} = {40722F52-D780-4B98-B77D-D414AC10F2C5}
		{4FC62B5E-C520-4523-8387-EB71D19612F6} = {4FC62B5E-C520-4523-8387-EB71D19612F6}
		{A5639F60-42C1-4FDA-97CE-BC2D5AD7184D} = {A5639F60-42C1-4FDA-97CE-BC2D5AD7184D}
		{28B3C683-1A5B-4EF6-B91B-5626E60327F5} = {28B3C683-1A5B-4EF6-B91B-5626E60327F5}
	EndProjectSection
EndProject
Project("{8BC9CEB8-8B4A-11D0-8D11-00A0C91BC942}") = "DatabaseManager", "src\DatabaseManager\DatabaseManager.vcproj", "{A5639F60-42C1-4FDA-97CE-BC2D5AD7184D}"
	ProjectSection(ProjectDependencies) = postProject
		{EC58D023-5E29-4A07-9757-D6DB011D7ADA} = {EC58D023-5E29-4A07-9757-D6DB011D7ADA}
	EndProjectSection
EndProject
Project("{8BC9CEB8-8B4A-11D0-8D11-00A0C91BC942}") = "LoginServer", "src\LoginServer\LoginServer.vcproj", "{FDE22AF5-E13B-4B15-A18F-F4F238671408}"
	ProjectSection(ProjectDependencies) = postProject
		{EC58D023-5E29-4A07-9757-D6DB011D7ADA} = {EC58D023-5E29-4A07-9757-D6DB011D7ADA}
		{10FA5325-05CF-44A7-B91D-2622DA13A62B} = {10FA5325-05CF-44A7-B91D-2622DA13A62B}
		{40722F52-D780-4B98-B77D-D414AC10F2C5} = {40722F52-D780-4B98-B77D-D414AC10F2C5}
		{4FC62B5E-C520-4523-8387-EB71D19612F6} = {4FC62B5E-C520-4523-8387-EB71D19612F6}
		{A5639F60-42C1-4FDA-97CE-BC2D5AD7184D} = {A5639F60-42C1-4FDA-97CE-BC2D5AD7184D}
		{28B3C683-1A5B-4EF6-B91B-5626E60327F5} = {28B3C683-1A5B-4EF6-B91B-5626E60327F5}
	EndProjectSection
EndProject
Project("{8BC9CEB8-8B4A-11D0-8D11-00A0C91BC942}") = "LogManager", "src\LogManager\LogManager.vcproj", "{28B3C683-1A5B-4EF6-B91B-5626E60327F5}"
	ProjectSection(ProjectDependencies) = postProject
		{A5639F60-42C1-4FDA-97CE-BC2D5AD7184D} = {A5639F60-42C1-4FDA-97CE-BC2D5AD7184D}
	EndProjectSection
EndProject
Project("{8BC9CEB8-8B4A-11D0-8D11-00A0C91BC942}") = "MathLib", "src\MathLib\MathLib.vcproj", "{779550D9-FCF1-4A40-A49D-C8E68CFBB6B6}"
EndProject
Project("{8BC9CEB8-8B4A-11D0-8D11-00A0C91BC942}") = "MessageLib", "src\MessageLib\MessageLib.vcproj", "{9770A5AA-27F8-4818-9216-C6C1BE80FE2D}"
	ProjectSection(ProjectDependencies) = postProject
		{EC58D023-5E29-4A07-9757-D6DB011D7ADA} = {EC58D023-5E29-4A07-9757-D6DB011D7ADA}
		{10FA5325-05CF-44A7-B91D-2622DA13A62B} = {10FA5325-05CF-44A7-B91D-2622DA13A62B}
		{40722F52-D780-4B98-B77D-D414AC10F2C5} = {40722F52-D780-4B98-B77D-D414AC10F2C5}
		{4FC62B5E-C520-4523-8387-EB71D19612F6} = {4FC62B5E-C520-4523-8387-EB71D19612F6}
		{28B3C683-1A5B-4EF6-B91B-5626E60327F5} = {28B3C683-1A5B-4EF6-B91B-5626E60327F5}
	EndProjectSection
EndProject
Project("{8BC9CEB8-8B4A-11D0-8D11-00A0C91BC942}") = "NetworkManager", "src\NetworkManager\NetworkManager.vcproj", "{4FC62B5E-C520-4523-8387-EB71D19612F6}"
	ProjectSection(ProjectDependencies) = postProject
		{EC58D023-5E29-4A07-9757-D6DB011D7ADA} = {EC58D023-5E29-4A07-9757-D6DB011D7ADA}
		{28B3C683-1A5B-4EF6-B91B-5626E60327F5} = {28B3C683-1A5B-4EF6-B91B-5626E60327F5}
	EndProjectSection
EndProject
Project("{8BC9CEB8-8B4A-11D0-8D11-00A0C91BC942}") = "PingServer", "src\PingServer\PingServer.vcproj", "{9814DF65-13A9-458B-8CA8-89C0805F5088}"
	ProjectSection(ProjectDependencies) = postProject
		{10FA5325-05CF-44A7-B91D-2622DA13A62B} = {10FA5325-05CF-44A7-B91D-2622DA13A62B}
		{28B3C683-1A5B-4EF6-B91B-5626E60327F5} = {28B3C683-1A5B-4EF6-B91B-5626E60327F5}
	EndProjectSection
EndProject
Project("{8BC9CEB8-8B4A-11D0-8D11-00A0C91BC942}") = "ScriptEngine", "src\ScriptEngine\ScriptEngine.vcproj", "{9FE2DA9A-29CF-43FB-8DE0-317B854C3D41}"
EndProject
Project("{8BC9CEB8-8B4A-11D0-8D11-00A0C91BC942}") = "Utils", "src\Utils\Utils.vcproj", "{EC58D023-5E29-4A07-9757-D6DB011D7ADA}"
EndProject
Project("{8BC9CEB8-8B4A-11D0-8D11-00A0C91BC942}") = "Tests", "tests\Tests.vcproj", "{347AEA9B-87C3-4A86-A2ED-B5E5C44FBAB4}"
	ProjectSection(ProjectDependencies) = postProject
		{EC58D023-5E29-4A07-9757-D6DB011D7ADA} = {EC58D023-5E29-4A07-9757-D6DB011D7ADA}
		{10FA5325-05CF-44A7-B91D-2622DA13A62B} = {10FA5325-05CF-44A7-B91D-2622DA13A62B}
		{40722F52-D780-4B98-B77D-D414AC10F2C5} = {40722F52-D780-4B98-B77D-D414AC10F2C5}
		{4FC62B5E-C520-4523-8387-EB71D19612F6} = {4FC62B5E-C520-4523-8387-EB71D19612F6}
		{A5639F60-42C1-4FDA-97CE-BC2D5AD7184D} = {A5639F60-42C1-4FDA-97CE-BC2D5AD7184D}
		{28B3C683-1A5B-4EF6-B91B-5626E60327F5} = {28B3C683-1A5B-4EF6-B91B-5626E60327F5}
		{9FE2DA9A-29CF-43FB-8DE0-317B854C3D41} = {9FE2DA9A-29CF-43FB-8DE0-317B854C3D41}
		{9770A5AA-27F8-4818-9216-C6C1BE80FE2D} = {9770A5AA-27F8-4818-9216-C6C1BE80FE2D}
		{779550D9-FCF1-4A40-A49D-C8E68CFBB6B6} = {779550D9-FCF1-4A40-A49D-C8E68CFBB6B6}
	EndProjectSection
EndProject
Global
	GlobalSection(SolutionConfigurationPlatforms) = preSolution
		Debug|Win32 = Debug|Win32
		Release|Win32 = Release|Win32
	EndGlobalSection
	GlobalSection(ProjectConfigurationPlatforms) = postSolution
		{003C0A20-ACBE-498D-A674-3938FF4AF5AB}.Debug|Win32.ActiveCfg = Debug|Win32
		{003C0A20-ACBE-498D-A674-3938FF4AF5AB}.Debug|Win32.Build.0 = Debug|Win32
		{003C0A20-ACBE-498D-A674-3938FF4AF5AB}.Release|Win32.ActiveCfg = Release|Win32
		{003C0A20-ACBE-498D-A674-3938FF4AF5AB}.Release|Win32.Build.0 = Release|Win32
		{4815FC14-2F78-46DC-A2FA-AD5952B9F9C2}.Debug|Win32.ActiveCfg = Debug|Win32
		{4815FC14-2F78-46DC-A2FA-AD5952B9F9C2}.Debug|Win32.Build.0 = Debug|Win32
		{4815FC14-2F78-46DC-A2FA-AD5952B9F9C2}.Release|Win32.ActiveCfg = Release|Win32
		{4815FC14-2F78-46DC-A2FA-AD5952B9F9C2}.Release|Win32.Build.0 = Release|Win32
		{CDD46495-780F-480C-83EB-37CDDE3E40DE}.Debug|Win32.ActiveCfg = Debug|Win32
		{CDD46495-780F-480C-83EB-37CDDE3E40DE}.Debug|Win32.Build.0 = Debug|Win32
		{CDD46495-780F-480C-83EB-37CDDE3E40DE}.Release|Win32.ActiveCfg = Release|Win32
		{CDD46495-780F-480C-83EB-37CDDE3E40DE}.Release|Win32.Build.0 = Release|Win32
		{40722F52-D780-4B98-B77D-D414AC10F2C5}.Debug|Win32.ActiveCfg = Debug|Win32
		{40722F52-D780-4B98-B77D-D414AC10F2C5}.Debug|Win32.Build.0 = Debug|Win32
		{40722F52-D780-4B98-B77D-D414AC10F2C5}.Release|Win32.ActiveCfg = Release|Win32
		{40722F52-D780-4B98-B77D-D414AC10F2C5}.Release|Win32.Build.0 = Release|Win32
		{10FA5325-05CF-44A7-B91D-2622DA13A62B}.Debug|Win32.ActiveCfg = Debug|Win32
		{10FA5325-05CF-44A7-B91D-2622DA13A62B}.Debug|Win32.Build.0 = Debug|Win32
		{10FA5325-05CF-44A7-B91D-2622DA13A62B}.Release|Win32.ActiveCfg = Release|Win32
		{10FA5325-05CF-44A7-B91D-2622DA13A62B}.Release|Win32.Build.0 = Release|Win32
		{304D5734-E599-438C-B157-900AC4BFCF9E}.Debug|Win32.ActiveCfg = Debug|Win32
		{304D5734-E599-438C-B157-900AC4BFCF9E}.Debug|Win32.Build.0 = Debug|Win32
		{304D5734-E599-438C-B157-900AC4BFCF9E}.Release|Win32.ActiveCfg = Release|Win32
		{304D5734-E599-438C-B157-900AC4BFCF9E}.Release|Win32.Build.0 = Release|Win32
		{A5639F60-42C1-4FDA-97CE-BC2D5AD7184D}.Debug|Win32.ActiveCfg = Debug|Win32
		{A5639F60-42C1-4FDA-97CE-BC2D5AD7184D}.Debug|Win32.Build.0 = Debug|Win32
		{A5639F60-42C1-4FDA-97CE-BC2D5AD7184D}.Release|Win32.ActiveCfg = Release|Win32
		{A5639F60-42C1-4FDA-97CE-BC2D5AD7184D}.Release|Win32.Build.0 = Release|Win32
		{FDE22AF5-E13B-4B15-A18F-F4F238671408}.Debug|Win32.ActiveCfg = Debug|Win32
		{FDE22AF5-E13B-4B15-A18F-F4F238671408}.Debug|Win32.Build.0 = Debug|Win32
		{FDE22AF5-E13B-4B15-A18F-F4F238671408}.Release|Win32.ActiveCfg = Release|Win32
		{FDE22AF5-E13B-4B15-A18F-F4F238671408}.Release|Win32.Build.0 = Release|Win32
		{28B3C683-1A5B-4EF6-B91B-5626E60327F5}.Debug|Win32.ActiveCfg = Debug|Win32
		{28B3C683-1A5B-4EF6-B91B-5626E60327F5}.Debug|Win32.Build.0 = Debug|Win32
		{28B3C683-1A5B-4EF6-B91B-5626E60327F5}.Release|Win32.ActiveCfg = Release|Win32
		{28B3C683-1A5B-4EF6-B91B-5626E60327F5}.Release|Win32.Build.0 = Release|Win32
		{779550D9-FCF1-4A40-A49D-C8E68CFBB6B6}.Debug|Win32.ActiveCfg = Debug|Win32
		{779550D9-FCF1-4A40-A49D-C8E68CFBB6B6}.Debug|Win32.Build.0 = Debug|Win32
		{779550D9-FCF1-4A40-A49D-C8E68CFBB6B6}.Release|Win32.ActiveCfg = Release|Win32
		{779550D9-FCF1-4A40-A49D-C8E68CFBB6B6}.Release|Win32.Build.0 = Release|Win32
		{9770A5AA-27F8-4818-9216-C6C1BE80FE2D}.Debug|Win32.ActiveCfg = Debug|Win32
		{9770A5AA-27F8-4818-9216-C6C1BE80FE2D}.Debug|Win32.Build.0 = Debug|Win32
		{9770A5AA-27F8-4818-9216-C6C1BE80FE2D}.Release|Win32.ActiveCfg = Release|Win32
		{9770A5AA-27F8-4818-9216-C6C1BE80FE2D}.Release|Win32.Build.0 = Release|Win32
		{4FC62B5E-C520-4523-8387-EB71D19612F6}.Debug|Win32.ActiveCfg = Debug|Win32
		{4FC62B5E-C520-4523-8387-EB71D19612F6}.Debug|Win32.Build.0 = Debug|Win32
		{4FC62B5E-C520-4523-8387-EB71D19612F6}.Release|Win32.ActiveCfg = Release|Win32
		{4FC62B5E-C520-4523-8387-EB71D19612F6}.Release|Win32.Build.0 = Release|Win32
		{9814DF65-13A9-458B-8CA8-89C0805F5088}.Debug|Win32.ActiveCfg = Debug|Win32
		{9814DF65-13A9-458B-8CA8-89C0805F5088}.Debug|Win32.Build.0 = Debug|Win32
		{9814DF65-13A9-458B-8CA8-89C0805F5088}.Release|Win32.ActiveCfg = Release|Win32
		{9814DF65-13A9-458B-8CA8-89C0805F5088}.Release|Win32.Build.0 = Release|Win32
		{9FE2DA9A-29CF-43FB-8DE0-317B854C3D41}.Debug|Win32.ActiveCfg = Debug|Win32
		{9FE2DA9A-29CF-43FB-8DE0-317B854C3D41}.Debug|Win32.Build.0 = Debug|Win32
		{9FE2DA9A-29CF-43FB-8DE0-317B854C3D41}.Release|Win32.ActiveCfg = Release|Win32
		{9FE2DA9A-29CF-43FB-8DE0-317B854C3D41}.Release|Win32.Build.0 = Release|Win32
		{EC58D023-5E29-4A07-9757-D6DB011D7ADA}.Debug|Win32.ActiveCfg = Debug|Win32
		{EC58D023-5E29-4A07-9757-D6DB011D7ADA}.Debug|Win32.Build.0 = Debug|Win32
		{EC58D023-5E29-4A07-9757-D6DB011D7ADA}.Release|Win32.ActiveCfg = Release|Win32
		{EC58D023-5E29-4A07-9757-D6DB011D7ADA}.Release|Win32.Build.0 = Release|Win32
		{347AEA9B-87C3-4A86-A2ED-B5E5C44FBAB4}.Debug|Win32.ActiveCfg = Debug|Win32
		{347AEA9B-87C3-4A86-A2ED-B5E5C44FBAB4}.Debug|Win32.Build.0 = Debug|Win32
		{347AEA9B-87C3-4A86-A2ED-B5E5C44FBAB4}.Release|Win32.ActiveCfg = Release|Win32
		{347AEA9B-87C3-4A86-A2ED-B5E5C44FBAB4}.Release|Win32.Build.0 = Release|Win32
	EndGlobalSection
	GlobalSection(SolutionProperties) = preSolution
		HideSolutionNode = FALSE
	EndGlobalSection
	GlobalSection(DPCodeReviewSolutionGUID) = preSolution
		DPCodeReviewSolutionGUID = {00000000-0000-0000-0000-000000000000}
	EndGlobalSection
EndGlobal
