
Microsoft Visual Studio Solution File, Format Version 11.00
# Visual Studio 2010
Project("{8BC9CEB8-8B4A-11D0-8D11-00A0C91BC942}") = "Tests", "tests\Tests.vcxproj", "{E152B75F-A0EC-4470-93BC-B41C3F0A72A7}"
	ProjectSection(ProjectDependencies) = postProject
		{7F3F121F-E03F-458B-BE2E-4B3011906A93} = {7F3F121F-E03F-458B-BE2E-4B3011906A93}
		{9154B629-1049-4795-95BD-915A71EC755B} = {9154B629-1049-4795-95BD-915A71EC755B}
		{FC533E81-C227-43D3-B68E-4A23241DD997} = {FC533E81-C227-43D3-B68E-4A23241DD997}
		{BAE6CEDD-4387-4FDD-A5B1-7F9C9D7F43A5} = {BAE6CEDD-4387-4FDD-A5B1-7F9C9D7F43A5}
		{9DC0B5E2-28A7-497C-8EFB-35C1EFA0527B} = {9DC0B5E2-28A7-497C-8EFB-35C1EFA0527B}
	EndProjectSection
EndProject
Project("{8BC9CEB8-8B4A-11D0-8D11-00A0C91BC942}") = "Utils", "src\Utils\Utils.vcxproj", "{95A1522D-A200-4F0C-9E57-815EB370D181}"
EndProject
Project("{8BC9CEB8-8B4A-11D0-8D11-00A0C91BC942}") = "DatabaseManager", "src\DatabaseManager\DatabaseManager.vcxproj", "{C4E4BD1A-64FE-46B4-A38B-9FE62E57697D}"
	ProjectSection(ProjectDependencies) = postProject
		{95A1522D-A200-4F0C-9E57-815EB370D181} = {95A1522D-A200-4F0C-9E57-815EB370D181}
	EndProjectSection
EndProject
Project("{8BC9CEB8-8B4A-11D0-8D11-00A0C91BC942}") = "LogManager", "src\LogManager\LogManager.vcxproj", "{DACA5015-E625-4CDA-A634-89DED4A9516A}"
EndProject
Project("{8BC9CEB8-8B4A-11D0-8D11-00A0C91BC942}") = "ConfigManager", "src\ConfigManager\ConfigManager.vcxproj", "{C8684FD3-623A-484C-8686-1E7DFC09D759}"
EndProject
Project("{8BC9CEB8-8B4A-11D0-8D11-00A0C91BC942}") = "NetworkManager", "src\NetworkManager\NetworkManager.vcxproj", "{DAA23959-260D-4EE1-BB7F-443100FF7D4E}"
EndProject
Project("{8BC9CEB8-8B4A-11D0-8D11-00A0C91BC942}") = "Common", "src\Common\Common.vcxproj", "{432DCBE9-1F49-49FF-9753-BE806192A917}"
EndProject
Project("{8BC9CEB8-8B4A-11D0-8D11-00A0C91BC942}") = "ScriptEngine", "src\ScriptEngine\ScriptEngine.vcxproj", "{1E105BA1-3EC9-411A-9CFE-AB279F6FC3A7}"
EndProject
Project("{8BC9CEB8-8B4A-11D0-8D11-00A0C91BC942}") = "MessageLib", "src\MessageLib\MessageLib.vcxproj", "{0C19070E-EFC9-403C-AD41-79DD6F3B0E52}"
EndProject
Project("{8BC9CEB8-8B4A-11D0-8D11-00A0C91BC942}") = "ConnectionServer", "src\ConnectionServer\ConnectionServer.vcxproj", "{9154B629-1049-4795-95BD-915A71EC755B}"
	ProjectSection(ProjectDependencies) = postProject
		{DACA5015-E625-4CDA-A634-89DED4A9516A} = {DACA5015-E625-4CDA-A634-89DED4A9516A}
		{C4E4BD1A-64FE-46B4-A38B-9FE62E57697D} = {C4E4BD1A-64FE-46B4-A38B-9FE62E57697D}
		{95A1522D-A200-4F0C-9E57-815EB370D181} = {95A1522D-A200-4F0C-9E57-815EB370D181}
		{DAA23959-260D-4EE1-BB7F-443100FF7D4E} = {DAA23959-260D-4EE1-BB7F-443100FF7D4E}
		{C8684FD3-623A-484C-8686-1E7DFC09D759} = {C8684FD3-623A-484C-8686-1E7DFC09D759}
		{432DCBE9-1F49-49FF-9753-BE806192A917} = {432DCBE9-1F49-49FF-9753-BE806192A917}
	EndProjectSection
EndProject
Project("{8BC9CEB8-8B4A-11D0-8D11-00A0C91BC942}") = "PingServer", "src\PingServer\PingServer.vcxproj", "{7F3F121F-E03F-458B-BE2E-4B3011906A93}"
EndProject
Project("{8BC9CEB8-8B4A-11D0-8D11-00A0C91BC942}") = "LoginServer", "src\LoginServer\LoginServer.vcxproj", "{9DC0B5E2-28A7-497C-8EFB-35C1EFA0527B}"
EndProject
Project("{8BC9CEB8-8B4A-11D0-8D11-00A0C91BC942}") = "ChatServer", "src\ChatServer\ChatServer.vcxproj", "{BAE6CEDD-4387-4FDD-A5B1-7F9C9D7F43A5}"
EndProject
Project("{8BC9CEB8-8B4A-11D0-8D11-00A0C91BC942}") = "ZoneServer", "src\ZoneServer\ZoneServer.vcxproj", "{FC533E81-C227-43D3-B68E-4A23241DD997}"
EndProject
Global
	GlobalSection(SolutionConfigurationPlatforms) = preSolution
		Debug|Win32 = Debug|Win32
		Release|Win32 = Release|Win32
	EndGlobalSection
	GlobalSection(ProjectConfigurationPlatforms) = postSolution
		{E152B75F-A0EC-4470-93BC-B41C3F0A72A7}.Debug|Win32.ActiveCfg = Debug|Win32
		{E152B75F-A0EC-4470-93BC-B41C3F0A72A7}.Debug|Win32.Build.0 = Debug|Win32
		{E152B75F-A0EC-4470-93BC-B41C3F0A72A7}.Release|Win32.ActiveCfg = Release|Win32
		{E152B75F-A0EC-4470-93BC-B41C3F0A72A7}.Release|Win32.Build.0 = Release|Win32
		{95A1522D-A200-4F0C-9E57-815EB370D181}.Debug|Win32.ActiveCfg = Debug|Win32
		{95A1522D-A200-4F0C-9E57-815EB370D181}.Debug|Win32.Build.0 = Debug|Win32
		{95A1522D-A200-4F0C-9E57-815EB370D181}.Release|Win32.ActiveCfg = Release|Win32
		{95A1522D-A200-4F0C-9E57-815EB370D181}.Release|Win32.Build.0 = Release|Win32
		{C4E4BD1A-64FE-46B4-A38B-9FE62E57697D}.Debug|Win32.ActiveCfg = Debug|Win32
		{C4E4BD1A-64FE-46B4-A38B-9FE62E57697D}.Debug|Win32.Build.0 = Debug|Win32
		{C4E4BD1A-64FE-46B4-A38B-9FE62E57697D}.Release|Win32.ActiveCfg = Release|Win32
		{C4E4BD1A-64FE-46B4-A38B-9FE62E57697D}.Release|Win32.Build.0 = Release|Win32
		{DACA5015-E625-4CDA-A634-89DED4A9516A}.Debug|Win32.ActiveCfg = Debug|Win32
		{DACA5015-E625-4CDA-A634-89DED4A9516A}.Debug|Win32.Build.0 = Debug|Win32
		{DACA5015-E625-4CDA-A634-89DED4A9516A}.Release|Win32.ActiveCfg = Release|Win32
		{DACA5015-E625-4CDA-A634-89DED4A9516A}.Release|Win32.Build.0 = Release|Win32
		{C8684FD3-623A-484C-8686-1E7DFC09D759}.Debug|Win32.ActiveCfg = Debug|Win32
		{C8684FD3-623A-484C-8686-1E7DFC09D759}.Debug|Win32.Build.0 = Debug|Win32
		{C8684FD3-623A-484C-8686-1E7DFC09D759}.Release|Win32.ActiveCfg = Release|Win32
		{C8684FD3-623A-484C-8686-1E7DFC09D759}.Release|Win32.Build.0 = Release|Win32
		{DAA23959-260D-4EE1-BB7F-443100FF7D4E}.Debug|Win32.ActiveCfg = Debug|Win32
		{DAA23959-260D-4EE1-BB7F-443100FF7D4E}.Debug|Win32.Build.0 = Debug|Win32
		{DAA23959-260D-4EE1-BB7F-443100FF7D4E}.Release|Win32.ActiveCfg = Release|Win32
		{DAA23959-260D-4EE1-BB7F-443100FF7D4E}.Release|Win32.Build.0 = Release|Win32
		{432DCBE9-1F49-49FF-9753-BE806192A917}.Debug|Win32.ActiveCfg = Debug|Win32
		{432DCBE9-1F49-49FF-9753-BE806192A917}.Debug|Win32.Build.0 = Debug|Win32
		{432DCBE9-1F49-49FF-9753-BE806192A917}.Release|Win32.ActiveCfg = Release|Win32
		{432DCBE9-1F49-49FF-9753-BE806192A917}.Release|Win32.Build.0 = Release|Win32
		{1E105BA1-3EC9-411A-9CFE-AB279F6FC3A7}.Debug|Win32.ActiveCfg = Debug|Win32
		{1E105BA1-3EC9-411A-9CFE-AB279F6FC3A7}.Debug|Win32.Build.0 = Debug|Win32
		{1E105BA1-3EC9-411A-9CFE-AB279F6FC3A7}.Release|Win32.ActiveCfg = Release|Win32
		{1E105BA1-3EC9-411A-9CFE-AB279F6FC3A7}.Release|Win32.Build.0 = Release|Win32
		{0C19070E-EFC9-403C-AD41-79DD6F3B0E52}.Debug|Win32.ActiveCfg = Debug|Win32
		{0C19070E-EFC9-403C-AD41-79DD6F3B0E52}.Debug|Win32.Build.0 = Debug|Win32
		{0C19070E-EFC9-403C-AD41-79DD6F3B0E52}.Release|Win32.ActiveCfg = Release|Win32
		{0C19070E-EFC9-403C-AD41-79DD6F3B0E52}.Release|Win32.Build.0 = Release|Win32
		{9154B629-1049-4795-95BD-915A71EC755B}.Debug|Win32.ActiveCfg = Debug|Win32
		{9154B629-1049-4795-95BD-915A71EC755B}.Debug|Win32.Build.0 = Debug|Win32
		{9154B629-1049-4795-95BD-915A71EC755B}.Release|Win32.ActiveCfg = Release|Win32
		{9154B629-1049-4795-95BD-915A71EC755B}.Release|Win32.Build.0 = Release|Win32
		{7F3F121F-E03F-458B-BE2E-4B3011906A93}.Debug|Win32.ActiveCfg = Debug|Win32
		{7F3F121F-E03F-458B-BE2E-4B3011906A93}.Debug|Win32.Build.0 = Debug|Win32
		{7F3F121F-E03F-458B-BE2E-4B3011906A93}.Release|Win32.ActiveCfg = Release|Win32
		{7F3F121F-E03F-458B-BE2E-4B3011906A93}.Release|Win32.Build.0 = Release|Win32
		{9DC0B5E2-28A7-497C-8EFB-35C1EFA0527B}.Debug|Win32.ActiveCfg = Debug|Win32
		{9DC0B5E2-28A7-497C-8EFB-35C1EFA0527B}.Debug|Win32.Build.0 = Debug|Win32
		{9DC0B5E2-28A7-497C-8EFB-35C1EFA0527B}.Release|Win32.ActiveCfg = Release|Win32
		{9DC0B5E2-28A7-497C-8EFB-35C1EFA0527B}.Release|Win32.Build.0 = Release|Win32
		{BAE6CEDD-4387-4FDD-A5B1-7F9C9D7F43A5}.Debug|Win32.ActiveCfg = Debug|Win32
		{BAE6CEDD-4387-4FDD-A5B1-7F9C9D7F43A5}.Debug|Win32.Build.0 = Debug|Win32
		{BAE6CEDD-4387-4FDD-A5B1-7F9C9D7F43A5}.Release|Win32.ActiveCfg = Release|Win32
		{BAE6CEDD-4387-4FDD-A5B1-7F9C9D7F43A5}.Release|Win32.Build.0 = Release|Win32
		{FC533E81-C227-43D3-B68E-4A23241DD997}.Debug|Win32.ActiveCfg = Debug|Win32
		{FC533E81-C227-43D3-B68E-4A23241DD997}.Debug|Win32.Build.0 = Debug|Win32
		{FC533E81-C227-43D3-B68E-4A23241DD997}.Release|Win32.ActiveCfg = Release|Win32
		{FC533E81-C227-43D3-B68E-4A23241DD997}.Release|Win32.Build.0 = Release|Win32
	EndGlobalSection
	GlobalSection(SolutionProperties) = preSolution
		HideSolutionNode = FALSE
	EndGlobalSection
	GlobalSection(CppDepend) = preSolution
		Project = ""
	EndGlobalSection
EndGlobal
