<?xml version="1.0" encoding="utf-8"?>
<Project ToolsVersion="4.0" xmlns="http://schemas.microsoft.com/developer/msbuild/2003">
  <ItemGroup>
    <Filter Include="Utils">
      <UniqueIdentifier>{13e814c3-3d82-4cb0-b2c6-633f27d2b998}</UniqueIdentifier>
    </Filter>
    <Filter Include="Common">
      <UniqueIdentifier>{4f3e690b-dd02-4836-b306-aa4f38394d8a}</UniqueIdentifier>
    </Filter>
    <Filter Include="Utils\MockObjects">
      <UniqueIdentifier>{7ea6d2ef-4037-48ac-9adf-2211491b8ebf}</UniqueIdentifier>
    </Filter>
  </ItemGroup>
  <ItemGroup>
    <ClCompile Include="Utils\TestCmpistr.cpp">
      <Filter>Utils</Filter>
    </ClCompile>
    <ClCompile Include="main.cpp" />
    <ClCompile Include="Utils\TestConcurrentQueue.cpp">
      <Filter>Utils</Filter>
    </ClCompile>
    <ClCompile Include="Utils\TestActiveObject.cpp">
      <Filter>Utils</Filter>
    </ClCompile>
    <ClCompile Include="..\src\Common\byte_buffer_unittest.cc">
      <Filter>Common</Filter>
    </ClCompile>
    <ClCompile Include="..\src\Common\crc_unittest.cc">
      <Filter>Common</Filter>
    </ClCompile>
    <ClCompile Include="..\src\Common\event_dispatcher_unittest.cc">
      <Filter>Common</Filter>
    </ClCompile>
    <ClCompile Include="..\src\Common\event_unittest.cc">
      <Filter>Common</Filter>
    </ClCompile>
    <ClCompile Include="..\src\Common\hash_string_unittest.cc">
      <Filter>Common</Filter>
    </ClCompile>
    <ClCompile Include="..\src\Common\out_of_band_unittest.cc">
      <Filter>Common</Filter>
    </ClCompile>
  </ItemGroup>
  <ItemGroup>
    <ClCompile Include="Utils\TestInRectangle.cpp">
      <Filter>Utils</Filter>
    </ClCompile>
    <ClInclude Include="Utils\MockObjects\MockActiveObjectImpl.h">
      <Filter>Utils\MockObjects</Filter>
    </ClInclude>
  </ItemGroup>
</Project>