<?xml version="1.0" encoding="utf-8"?>
<Project ToolsVersion="4.0" xmlns="http://schemas.microsoft.com/developer/msbuild/2003">
  <ItemGroup>
    <Filter Include="Utils">
      <UniqueIdentifier>{13e814c3-3d82-4cb0-b2c6-633f27d2b998}</UniqueIdentifier>
    </Filter>
    <Filter Include="Common">
      <UniqueIdentifier>{4f3e690b-dd02-4836-b306-aa4f38394d8a}</UniqueIdentifier>
    </Filter>
    <Filter Include="Common\MockObjects">
      <UniqueIdentifier>{11653b4d-ab3f-43de-b45b-90c6e3af2b91}</UniqueIdentifier>
    </Filter>
    <Filter Include="Utils\MockObjects">
      <UniqueIdentifier>{7ea6d2ef-4037-48ac-9adf-2211491b8ebf}</UniqueIdentifier>
    </Filter>
  </ItemGroup>
  <ItemGroup>
    <ClCompile Include="Utils\TestCmpistr.cpp">
      <Filter>Utils</Filter>
    </ClCompile>
    <ClCompile Include="main.cpp" />
    <ClCompile Include="Common\TestByteBuffer.cpp">
      <Filter>Common</Filter>
    </ClCompile>
    <ClCompile Include="Common\TestOutOfBand.cpp">
      <Filter>Common</Filter>
    </ClCompile>
    <ClCompile Include="Common\TestEventDispatcher.cpp">
      <Filter>Common</Filter>
    </ClCompile>
    <ClCompile Include="Common\TestHashString.cpp">
      <Filter>Common</Filter>
    </ClCompile>
    <ClCompile Include="Utils\TestConcurrentQueue.cpp">
      <Filter>Utils</Filter>
    </ClCompile>
    <ClCompile Include="Common\TestCrc.cpp">
      <Filter>Common</Filter>
    </ClCompile>
    <ClCompile Include="Common\TestEvent.cpp">
      <Filter>Common</Filter>
    </ClCompile>
    <ClCompile Include="Utils\TestActiveObject.cpp">
      <Filter>Utils</Filter>
    </ClCompile>
    <ClCompile Include="Common\MockObjects\MockEvent.cpp">
      <Filter>Common\MockObjects</Filter>
    </ClCompile>
  </ItemGroup>
  <ItemGroup>
    <ClInclude Include="Common\MockObjects\MockListener.h">
      <Filter>Common\MockObjects</Filter>
    </ClInclude>
    <ClInclude Include="Common\MockObjects\MockListenerAlt.h">
      <Filter>Common\MockObjects</Filter>
    </ClInclude>
    <ClCompile Include="Utils\TestInRectangle.cpp">
      <Filter>Utils</Filter>
    </ClCompile>
    <ClInclude Include="Utils\MockObjects\MockActiveObjectImpl.h">
      <Filter>Utils\MockObjects</Filter>
    </ClInclude>
    <ClInclude Include="Common\MockObjects\MockEvent.h">
      <Filter>Common\MockObjects</Filter>
    </ClInclude>
  </ItemGroup>
</Project>