<?xml version="1.0" encoding="utf-8"?>
<Project ToolsVersion="4.0" xmlns="http://schemas.microsoft.com/developer/msbuild/2003">
  <ItemGroup>
    <Filter Include="Source Files">
      <UniqueIdentifier>{4FC737F1-C7A5-4376-A066-2A32D752A2FF}</UniqueIdentifier>
      <Extensions>cpp;c;cc;cxx;def;odl;idl;hpj;bat;asm;asmx</Extensions>
    </Filter>
    <Filter Include="Header Files">
      <UniqueIdentifier>{93995380-89BD-4b04-88EB-625FBE52EBFB}</UniqueIdentifier>
      <Extensions>h;hpp;hxx;hm;inl;inc;xsd</Extensions>
    </Filter>
  </ItemGroup>
  <ItemGroup>
    <ClCompile Include="ActiveConversation.cpp">
      <Filter>Source Files</Filter>
    </ClCompile>
    <ClCompile Include="AdminManager.cpp">
      <Filter>Source Files</Filter>
    </ClCompile>
    <ClCompile Include="AttackableCreature.cpp">
      <Filter>Source Files</Filter>
    </ClCompile>
    <ClCompile Include="AttackableStaticNpc.cpp">
      <Filter>Source Files</Filter>
    </ClCompile>
    <ClCompile Include="BadgeRegion.cpp">
      <Filter>Source Files</Filter>
    </ClCompile>
    <ClCompile Include="BadgeRegionFactory.cpp">
      <Filter>Source Files</Filter>
    </ClCompile>
    <ClCompile Include="Bank.cpp">
      <Filter>Source Files</Filter>
    </ClCompile>
    <ClCompile Include="BankTerminal.cpp">
      <Filter>Source Files</Filter>
    </ClCompile>
    <ClCompile Include="BazaarTerminal.cpp">
      <Filter>Source Files</Filter>
    </ClCompile>
    <ClCompile Include="Buff.cpp">
      <Filter>Source Files</Filter>
    </ClCompile>
    <ClCompile Include="BuffDBItem.cpp">
      <Filter>Source Files</Filter>
    </ClCompile>
    <ClCompile Include="BuffEvent.cpp">
      <Filter>Source Files</Filter>
    </ClCompile>
    <ClCompile Include="BuffManager.cpp">
      <Filter>Source Files</Filter>
    </ClCompile>
    <ClCompile Include="BugJar.cpp">
      <Filter>Source Files</Filter>
    </ClCompile>
    <ClCompile Include="BuildingFactory.cpp">
      <Filter>Source Files</Filter>
    </ClCompile>
    <ClCompile Include="BuildingObject.cpp">
      <Filter>Source Files</Filter>
    </ClCompile>
    <ClCompile Include="Camp.cpp">
      <Filter>Source Files</Filter>
    </ClCompile>
    <ClCompile Include="CampRegion.cpp">
      <Filter>Source Files</Filter>
    </ClCompile>
    <ClCompile Include="CampTerminal.cpp">
      <Filter>Source Files</Filter>
    </ClCompile>
    <ClCompile Include="CellFactory.cpp">
      <Filter>Source Files</Filter>
    </ClCompile>
    <ClCompile Include="CellObject.cpp">
      <Filter>Source Files</Filter>
    </ClCompile>
    <ClCompile Include="ChanceCube.cpp">
      <Filter>Source Files</Filter>
    </ClCompile>
    <ClCompile Include="CharacterBuilderTerminal.cpp">
      <Filter>Source Files</Filter>
    </ClCompile>
    <ClCompile Include="CharacterLoginHandler.cpp">
      <Filter>Source Files</Filter>
    </ClCompile>
    <ClCompile Include="CharSheetManager.cpp">
      <Filter>Source Files</Filter>
    </ClCompile>
    <ClCompile Include="City.cpp">
      <Filter>Source Files</Filter>
    </ClCompile>
    <ClCompile Include="CityFactory.cpp">
      <Filter>Source Files</Filter>
    </ClCompile>
    <ClCompile Include="CloningTerminal.cpp">
      <Filter>Source Files</Filter>
    </ClCompile>
    <ClCompile Include="CombatManager.cpp">
      <Filter>Source Files</Filter>
    </ClCompile>
    <ClCompile Include="Container.cpp">
      <Filter>Source Files</Filter>
    </ClCompile>
    <ClCompile Include="ContainerObjectFactory.cpp">
      <Filter>Source Files</Filter>
    </ClCompile>
    <ClCompile Include="Conversation.cpp">
      <Filter>Source Files</Filter>
    </ClCompile>
    <ClCompile Include="ConversationManager.cpp">
      <Filter>Source Files</Filter>
    </ClCompile>
    <ClCompile Include="CraftBatch.cpp">
      <Filter>Source Files</Filter>
    </ClCompile>
    <ClCompile Include="CraftingSession.cpp">
      <Filter>Source Files</Filter>
    </ClCompile>
    <ClCompile Include="CraftingSessionFactory.cpp">
      <Filter>Source Files</Filter>
    </ClCompile>
    <ClCompile Include="CraftingSessionHelper.cpp">
      <Filter>Source Files</Filter>
    </ClCompile>
    <ClCompile Include="CraftingStation.cpp">
      <Filter>Source Files</Filter>
    </ClCompile>
    <ClCompile Include="CraftingTool.cpp">
      <Filter>Source Files</Filter>
    </ClCompile>
    <ClCompile Include="CreatureEventFunctions.cpp">
      <Filter>Source Files</Filter>
    </ClCompile>
    <ClCompile Include="CreatureFactory.cpp">
      <Filter>Source Files</Filter>
    </ClCompile>
    <ClCompile Include="CreatureObject.cpp">
      <Filter>Source Files</Filter>
    </ClCompile>
    <ClCompile Include="CreatureSpawnRegion.cpp">
      <Filter>Source Files</Filter>
    </ClCompile>
    <ClCompile Include="CurrentResource.cpp">
      <Filter>Source Files</Filter>
    </ClCompile>
    <ClCompile Include="Datapad.cpp">
      <Filter>Source Files</Filter>
    </ClCompile>
    <ClCompile Include="DatapadFactory.cpp">
      <Filter>Source Files</Filter>
    </ClCompile>
    <ClCompile Include="Deed.cpp">
      <Filter>Source Files</Filter>
    </ClCompile>
    <ClCompile Include="DraftSchematic.cpp">
      <Filter>Source Files</Filter>
    </ClCompile>
    <ClCompile Include="DraftSlot.cpp">
      <Filter>Source Files</Filter>
    </ClCompile>
    <ClCompile Include="DraftWeight.cpp">
      <Filter>Source Files</Filter>
    </ClCompile>
    <ClCompile Include="ElevatorTerminal.cpp">
      <Filter>Source Files</Filter>
    </ClCompile>
    <ClCompile Include="EnqueueValidator.cpp">
      <Filter>Source Files</Filter>
    </ClCompile>
    <ClCompile Include="EntertainerManager.cpp">
      <Filter>Source Files</Filter>
    </ClCompile>
    <ClCompile Include="EquipManager.cpp">
      <Filter>Source Files</Filter>
    </ClCompile>
    <ClCompile Include="EVAbility.cpp">
      <Filter>Source Files</Filter>
    </ClCompile>
    <ClCompile Include="EVCmdProperty.cpp">
      <Filter>Source Files</Filter>
    </ClCompile>
    <ClCompile Include="EVPosture.cpp">
      <Filter>Source Files</Filter>
    </ClCompile>
    <ClCompile Include="EVQueueSize.cpp">
      <Filter>Source Files</Filter>
    </ClCompile>
    <ClCompile Include="EVState.cpp">
      <Filter>Source Files</Filter>
    </ClCompile>
    <ClCompile Include="EVSurveySample.cpp">
      <Filter>Source Files</Filter>
    </ClCompile>
    <ClCompile Include="EVWeapon.cpp">
      <Filter>Source Files</Filter>
    </ClCompile>
    <ClCompile Include="FactoryBase.cpp">
      <Filter>Source Files</Filter>
    </ClCompile>
    <ClCompile Include="FactoryCrate.cpp">
      <Filter>Source Files</Filter>
    </ClCompile>
    <ClCompile Include="FactoryFactory.cpp">
      <Filter>Source Files</Filter>
    </ClCompile>
    <ClCompile Include="FactoryObject.cpp">
      <Filter>Source Files</Filter>
    </ClCompile>
    <ClCompile Include="FillerNPC.cpp">
      <Filter>Source Files</Filter>
    </ClCompile>
    <ClCompile Include="Firework.cpp">
      <Filter>Source Files</Filter>
    </ClCompile>
    <ClCompile Include="FireworkManager.cpp">
      <Filter>Source Files</Filter>
    </ClCompile>
    <ClCompile Include="Food.cpp">
      <Filter>Source Files</Filter>
    </ClCompile>
    <ClCompile Include="ForageManager.cpp">
      <Filter>Source Files</Filter>
    </ClCompile>
    <ClCompile Include="Furniture.cpp">
      <Filter>Source Files</Filter>
    </ClCompile>
    <ClCompile Include="GroupManager.cpp">
      <Filter>Source Files</Filter>
    </ClCompile>
    <ClCompile Include="GroupManagerHandler.cpp">
      <Filter>Source Files</Filter>
    </ClCompile>
    <ClCompile Include="Ham.cpp">
      <Filter>Source Files</Filter>
    </ClCompile>
    <ClCompile Include="HamProperty.cpp">
      <Filter>Source Files</Filter>
    </ClCompile>
    <ClCompile Include="HarvesterFactory.cpp">
      <Filter>Source Files</Filter>
    </ClCompile>
    <ClCompile Include="HarvesterObject.cpp">
      <Filter>Source Files</Filter>
    </ClCompile>
    <ClCompile Include="Heightmap.cpp">
      <Filter>Source Files</Filter>
    </ClCompile>
    <ClCompile Include="HouseFactory.cpp">
      <Filter>Source Files</Filter>
    </ClCompile>
    <ClCompile Include="HouseObject.cpp">
      <Filter>Source Files</Filter>
    </ClCompile>
    <ClCompile Include="ImageDesignManager.cpp">
      <Filter>Source Files</Filter>
    </ClCompile>
    <ClCompile Include="Instrument.cpp">
      <Filter>Source Files</Filter>
    </ClCompile>
    <ClCompile Include="InsuranceTerminal.cpp">
      <Filter>Source Files</Filter>
    </ClCompile>
    <ClCompile Include="IntangibleFactory.cpp">
      <Filter>Source Files</Filter>
    </ClCompile>
    <ClCompile Include="IntangibleObject.cpp">
      <Filter>Source Files</Filter>
    </ClCompile>
    <ClCompile Include="Inventory.cpp">
      <Filter>Source Files</Filter>
    </ClCompile>
    <ClCompile Include="InventoryFactory.cpp">
      <Filter>Source Files</Filter>
    </ClCompile>
    <ClCompile Include="Item.cpp">
      <Filter>Source Files</Filter>
    </ClCompile>
    <ClCompile Include="ItemFactory.cpp">
      <Filter>Source Files</Filter>
    </ClCompile>
    <ClCompile Include="LairObject.cpp">
      <Filter>Source Files</Filter>
    </ClCompile>
    <ClCompile Include="ManufacturingSchematic.cpp">
      <Filter>Source Files</Filter>
    </ClCompile>
    <ClCompile Include="Medicine.cpp">
      <Filter>Source Files</Filter>
    </ClCompile>
    <ClCompile Include="MedicManager.cpp">
      <Filter>Source Files</Filter>
    </ClCompile>
    <ClCompile Include="MissionBag.cpp">
      <Filter>Source Files</Filter>
    </ClCompile>
    <ClCompile Include="MissionFactory.cpp">
      <Filter>Source Files</Filter>
    </ClCompile>
    <ClCompile Include="MissionManager.cpp">
      <Filter>Source Files</Filter>
    </ClCompile>
    <ClCompile Include="MissionObject.cpp">
      <Filter>Source Files</Filter>
    </ClCompile>
    <ClCompile Include="MissionTerminal.cpp">
      <Filter>Source Files</Filter>
    </ClCompile>
    <ClCompile Include="MountObject.cpp">
      <Filter>Source Files</Filter>
    </ClCompile>
    <ClCompile Include="MovingObject.cpp">
      <Filter>Source Files</Filter>
    </ClCompile>
    <ClCompile Include="noiseutils.cpp">
      <Filter>Source Files</Filter>
    </ClCompile>
    <ClCompile Include="nonPersistantObjectFactory.cpp">
      <Filter>Source Files</Filter>
    </ClCompile>
    <ClCompile Include="NonPersistentItemFactory.cpp">
      <Filter>Source Files</Filter>
    </ClCompile>
    <ClCompile Include="NonPersistentNpcFactory.cpp">
      <Filter>Source Files</Filter>
    </ClCompile>
    <ClCompile Include="NpcManager.cpp">
      <Filter>Source Files</Filter>
    </ClCompile>
    <ClCompile Include="NPCObject.cpp">
      <Filter>Source Files</Filter>
    </ClCompile>
    <ClCompile Include="ObjControllerCommandMessage.cpp">
      <Filter>Source Files</Filter>
    </ClCompile>
    <ClCompile Include="ObjControllerEvent.cpp">
      <Filter>Source Files</Filter>
    </ClCompile>
    <ClCompile Include="Object.cpp">
      <Filter>Source Files</Filter>
    </ClCompile>
    <ClCompile Include="ObjectContainer.cpp">
      <Filter>Source Files</Filter>
    </ClCompile>
    <ClCompile Include="ObjectController.cpp">
      <Filter>Source Files</Filter>
    </ClCompile>
    <ClCompile Include="ObjectControllerCommandMap.cpp">
      <Filter>Source Files</Filter>
    </ClCompile>
    <ClCompile Include="ObjectControllerDispatch.cpp">
      <Filter>Source Files</Filter>
    </ClCompile>
    <ClCompile Include="ObjectFactory.cpp">
      <Filter>Source Files</Filter>
    </ClCompile>
    <ClCompile Include="ObjectFactoryCallback.cpp">
      <Filter>Source Files</Filter>
    </ClCompile>
    <ClCompile Include="OCAdminHandlers.cpp">
      <Filter>Source Files</Filter>
    </ClCompile>
    <ClCompile Include="OCBioEngineerHandlers.cpp">
      <Filter>Source Files</Filter>
    </ClCompile>
    <ClCompile Include="OCBountyHunterHandlers.cpp">
      <Filter>Source Files</Filter>
    </ClCompile>
    <ClCompile Include="OCBrawlerHandlers.cpp">
      <Filter>Source Files</Filter>
    </ClCompile>
    <ClCompile Include="OCCallbackHandlers.cpp">
      <Filter>Source Files</Filter>
    </ClCompile>
    <ClCompile Include="OCCarbineerHandlers.cpp">
      <Filter>Source Files</Filter>
    </ClCompile>
    <ClCompile Include="OCCharacterSheethandlers.cpp">
      <Filter>Source Files</Filter>
    </ClCompile>
    <ClCompile Include="OCCombatHandlers.cpp">
      <Filter>Source Files</Filter>
    </ClCompile>
    <ClCompile Include="OCCombatMedicHandlers.cpp">
      <Filter>Source Files</Filter>
    </ClCompile>
    <ClCompile Include="OCCommandoHandlers.cpp">
      <Filter>Source Files</Filter>
    </ClCompile>
    <ClCompile Include="OCCommonHandlers.cpp">
      <Filter>Source Files</Filter>
    </ClCompile>
    <ClCompile Include="OCContactListsHandlers.cpp">
      <Filter>Source Files</Filter>
    </ClCompile>
    <ClCompile Include="OCCrateHandlers.cpp">
      <Filter>Source Files</Filter>
    </ClCompile>
    <ClCompile Include="OCCreatureHandlerHandlers.cpp">
      <Filter>Source Files</Filter>
    </ClCompile>
    <ClCompile Include="OCDatapadHandlers.cpp">
      <Filter>Source Files</Filter>
    </ClCompile>
    <ClCompile Include="OCDataTransformhandlers.cpp">
      <Filter>Source Files</Filter>
    </ClCompile>
    <ClCompile Include="OCDestroyHandlers.cpp">
      <Filter>Source Files</Filter>
    </ClCompile>
    <ClCompile Include="OCDoctorHandlers.cpp">
      <Filter>Source Files</Filter>
    </ClCompile>
    <ClCompile Include="OCEntertainerHandlers.cpp">
      <Filter>Source Files</Filter>
    </ClCompile>
    <ClCompile Include="OCFencerHandlers.cpp">
      <Filter>Source Files</Filter>
    </ClCompile>
    <ClCompile Include="OCForceDefenseHandlers.cpp">
      <Filter>Source Files</Filter>
    </ClCompile>
    <ClCompile Include="OCForceEnhancementHandlers.cpp">
      <Filter>Source Files</Filter>
    </ClCompile>
    <ClCompile Include="OCForceHealingHandlers.cpp">
      <Filter>Source Files</Filter>
    </ClCompile>
    <ClCompile Include="OCForceLightsaberHandlers.cpp">
      <Filter>Source Files</Filter>
    </ClCompile>
    <ClCompile Include="OCForcePowerHandlers.cpp">
      <Filter>Source Files</Filter>
    </ClCompile>
    <ClCompile Include="OCGroupHandlers.cpp">
      <Filter>Source Files</Filter>
    </ClCompile>
    <ClCompile Include="OCMarksmanHandlers.cpp">
      <Filter>Source Files</Filter>
    </ClCompile>
    <ClCompile Include="OCMedicHandlers.cpp">
      <Filter>Source Files</Filter>
    </ClCompile>
    <ClCompile Include="OCMissionHandlers.cpp">
      <Filter>Source Files</Filter>
    </ClCompile>
    <ClCompile Include="OCNpcConversationhandlers.cpp">
      <Filter>Source Files</Filter>
    </ClCompile>
    <ClCompile Include="OCPetHandlers.cpp">
      <Filter>Source Files</Filter>
    </ClCompile>
    <ClCompile Include="OCPikemanHandlers.cpp">
      <Filter>Source Files</Filter>
    </ClCompile>
    <ClCompile Include="OCPistoleerHandlers.cpp">
      <Filter>Source Files</Filter>
    </ClCompile>
    <ClCompile Include="OCPostureHandlers.cpp">
      <Filter>Source Files</Filter>
    </ClCompile>
    <ClCompile Include="OCRangerHandlers.cpp">
      <Filter>Source Files</Filter>
    </ClCompile>
    <ClCompile Include="OCResourceContainerHandlers.cpp">
      <Filter>Source Files</Filter>
    </ClCompile>
    <ClCompile Include="OCRiflemanHandlers.cpp">
      <Filter>Source Files</Filter>
    </ClCompile>
    <ClCompile Include="OCScoutHandlers.cpp">
      <Filter>Source Files</Filter>
    </ClCompile>
    <ClCompile Include="OCSkillHandlers.cpp">
      <Filter>Source Files</Filter>
    </ClCompile>
    <ClCompile Include="OCSmugglerHandlers.cpp">
      <Filter>Source Files</Filter>
    </ClCompile>
    <ClCompile Include="OCSpatialHandlers.cpp">
      <Filter>Source Files</Filter>
    </ClCompile>
    <ClCompile Include="OCSquadLeaderHandlers.cpp">
      <Filter>Source Files</Filter>
    </ClCompile>
    <ClCompile Include="OCStructureHandlers.cpp">
      <Filter>Source Files</Filter>
    </ClCompile>
    <ClCompile Include="OCSwordsmanHandlers.cpp">
      <Filter>Source Files</Filter>
    </ClCompile>
    <ClCompile Include="OCTerasKasiHandlers.cpp">
      <Filter>Source Files</Filter>
    </ClCompile>
    <ClCompile Include="OCTradeHandlers.cpp">
      <Filter>Source Files</Filter>
    </ClCompile>
    <ClCompile Include="PersistentNpcFactory.cpp">
      <Filter>Source Files</Filter>
    </ClCompile>
    <ClCompile Include="PlayerEventFunctions.cpp">
      <Filter>Source Files</Filter>
    </ClCompile>
    <ClCompile Include="PlayerObject.cpp">
      <Filter>Source Files</Filter>
    </ClCompile>
    <ClCompile Include="PlayerObjectFactory.cpp">
      <Filter>Source Files</Filter>
    </ClCompile>
    <ClCompile Include="PlayerStructure.cpp">
      <Filter>Source Files</Filter>
    </ClCompile>
    <ClCompile Include="PlayerStructureTerminal.cpp">
      <Filter>Source Files</Filter>
    </ClCompile>
    <ClCompile Include="ProcessValidator.cpp">
      <Filter>Source Files</Filter>
    </ClCompile>
    <ClCompile Include="PVHam.cpp">
      <Filter>Source Files</Filter>
    </ClCompile>
    <ClCompile Include="PVPosture.cpp">
      <Filter>Source Files</Filter>
    </ClCompile>
    <ClCompile Include="PVState.cpp">
      <Filter>Source Files</Filter>
    </ClCompile>
    <ClCompile Include="QTRegion.cpp">
      <Filter>Source Files</Filter>
    </ClCompile>
    <ClCompile Include="QTRegionFactory.cpp">
      <Filter>Source Files</Filter>
    </ClCompile>
    <ClCompile Include="QuadTree.cpp">
      <Filter>Source Files</Filter>
    </ClCompile>
    <ClCompile Include="QuadTreeNode.cpp">
      <Filter>Source Files</Filter>
    </ClCompile>
    <ClCompile Include="QuestGiver.cpp">
      <Filter>Source Files</Filter>
    </ClCompile>
    <ClCompile Include="RadialMenu.cpp">
      <Filter>Source Files</Filter>
    </ClCompile>
    <ClCompile Include="RadialMenuItem.cpp">
      <Filter>Source Files</Filter>
    </ClCompile>
    <ClCompile Include="RegionObject.cpp">
      <Filter>Source Files</Filter>
    </ClCompile>
    <ClCompile Include="Resource.cpp">
      <Filter>Source Files</Filter>
    </ClCompile>
    <ClCompile Include="ResourceCategory.cpp">
      <Filter>Source Files</Filter>
    </ClCompile>
    <ClCompile Include="ResourceContainer.cpp">
      <Filter>Source Files</Filter>
    </ClCompile>
    <ClCompile Include="ResourceContainerFactory.cpp">
      <Filter>Source Files</Filter>
    </ClCompile>
    <ClCompile Include="ResourceManager.cpp">
      <Filter>Source Files</Filter>
    </ClCompile>
    <ClCompile Include="ResourceType.cpp">
      <Filter>Source Files</Filter>
    </ClCompile>
    <ClCompile Include="SchematicGroup.cpp">
      <Filter>Source Files</Filter>
    </ClCompile>
    <ClCompile Include="SchematicManager.cpp">
      <Filter>Source Files</Filter>
    </ClCompile>
    <ClCompile Include="Scout.cpp">
      <Filter>Source Files</Filter>
    </ClCompile>
    <ClCompile Include="ScoutManager.cpp">
      <Filter>Source Files</Filter>
    </ClCompile>
    <ClCompile Include="Shuttle.cpp">
      <Filter>Source Files</Filter>
    </ClCompile>
    <ClCompile Include="ShuttleFactory.cpp">
      <Filter>Source Files</Filter>
    </ClCompile>
    <ClCompile Include="Skill.cpp">
      <Filter>Source Files</Filter>
    </ClCompile>
    <ClCompile Include="SkillManager.cpp">
      <Filter>Source Files</Filter>
    </ClCompile>
    <ClCompile Include="SpawnRegion.cpp">
      <Filter>Source Files</Filter>
    </ClCompile>
    <ClCompile Include="SpawnRegionFactory.cpp">
      <Filter>Source Files</Filter>
    </ClCompile>
    <ClCompile Include="StaticObject.cpp">
      <Filter>Source Files</Filter>
    </ClCompile>
    <ClCompile Include="Stomach.cpp">
      <Filter>Source Files</Filter>
    </ClCompile>
    <ClCompile Include="StructureManager.cpp">
      <Filter>Source Files</Filter>
    </ClCompile>
    <ClCompile Include="StructureManagerCallbackHandler.cpp">
      <Filter>Source Files</Filter>
    </ClCompile>
    <ClCompile Include="StructureManagerCommandMap.cpp">
      <Filter>Source Files</Filter>
    </ClCompile>
    <ClCompile Include="StructureManagerUIManager.cpp">
      <Filter>Source Files</Filter>
    </ClCompile>
    <ClCompile Include="SurveyTool.cpp">
      <Filter>Source Files</Filter>
    </ClCompile>
    <ClCompile Include="TangibleFactory.cpp">
      <Filter>Source Files</Filter>
    </ClCompile>
    <ClCompile Include="TangibleObject.cpp">
      <Filter>Source Files</Filter>
    </ClCompile>
    <ClCompile Include="Terminal.cpp">
      <Filter>Source Files</Filter>
    </ClCompile>
    <ClCompile Include="TerminalFactory.cpp">
      <Filter>Source Files</Filter>
    </ClCompile>
    <ClCompile Include="TicketCollector.cpp">
      <Filter>Source Files</Filter>
    </ClCompile>
    <ClCompile Include="TicketCollectorFactory.cpp">
      <Filter>Source Files</Filter>
    </ClCompile>
    <ClCompile Include="Trade.cpp">
      <Filter>Source Files</Filter>
    </ClCompile>
    <ClCompile Include="TradeManager.cpp">
      <Filter>Source Files</Filter>
    </ClCompile>
    <ClCompile Include="Trainer.cpp">
      <Filter>Source Files</Filter>
    </ClCompile>
    <ClCompile Include="TravelMapHandler.cpp">
      <Filter>Source Files</Filter>
    </ClCompile>
    <ClCompile Include="TravelTerminal.cpp">
      <Filter>Source Files</Filter>
    </ClCompile>
    <ClCompile Include="TravelTicket.cpp">
      <Filter>Source Files</Filter>
    </ClCompile>
    <ClCompile Include="TreasuryManager.cpp">
      <Filter>Source Files</Filter>
    </ClCompile>
    <ClCompile Include="Tutorial.cpp">
      <Filter>Source Files</Filter>
    </ClCompile>
    <ClCompile Include="UIButton.cpp">
      <Filter>Source Files</Filter>
    </ClCompile>
    <ClCompile Include="UICustomWindows.cpp">
      <Filter>Source Files</Filter>
    </ClCompile>
    <ClCompile Include="UIDropdownBox.cpp">
      <Filter>Source Files</Filter>
    </ClCompile>
    <ClCompile Include="UIElement.cpp">
      <Filter>Source Files</Filter>
    </ClCompile>
    <ClCompile Include="UIInputBox.cpp">
      <Filter>Source Files</Filter>
    </ClCompile>
    <ClCompile Include="UIInputField.cpp">
      <Filter>Source Files</Filter>
    </ClCompile>
    <ClCompile Include="UIListBox.cpp">
      <Filter>Source Files</Filter>
    </ClCompile>
    <ClCompile Include="UIManager.cpp">
      <Filter>Source Files</Filter>
    </ClCompile>
    <ClCompile Include="UIMessageBox.cpp">
      <Filter>Source Files</Filter>
    </ClCompile>
    <ClCompile Include="UITransferBox.cpp">
      <Filter>Source Files</Filter>
    </ClCompile>
    <ClCompile Include="UIWindow.cpp">
      <Filter>Source Files</Filter>
    </ClCompile>
    <ClCompile Include="WaypointFactory.cpp">
      <Filter>Source Files</Filter>
    </ClCompile>
    <ClCompile Include="WaypointObject.cpp">
      <Filter>Source Files</Filter>
    </ClCompile>
    <ClCompile Include="Weapon.cpp">
      <Filter>Source Files</Filter>
    </ClCompile>
    <ClCompile Include="Wearable.cpp">
      <Filter>Source Files</Filter>
    </ClCompile>
    <ClCompile Include="WeightsBatch.cpp">
      <Filter>Source Files</Filter>
    </ClCompile>
    <ClCompile Include="WorldConfig.cpp">
      <Filter>Source Files</Filter>
    </ClCompile>
    <ClCompile Include="WorldManager.cpp">
      <Filter>Source Files</Filter>
    </ClCompile>
    <ClCompile Include="WorldManagerDataBaseHandlers.cpp">
      <Filter>Source Files</Filter>
    </ClCompile>
    <ClCompile Include="WorldManagerNPCHandlers.cpp">
      <Filter>Source Files</Filter>
    </ClCompile>
    <ClCompile Include="WorldManagerObjectHandlers.cpp">
      <Filter>Source Files</Filter>
    </ClCompile>
    <ClCompile Include="WorldManagerPlayerHandlers.cpp">
      <Filter>Source Files</Filter>
    </ClCompile>
    <ClCompile Include="ZoneServer.cpp">
      <Filter>Source Files</Filter>
    </ClCompile>
    <ClCompile Include="ZoneTree.cpp">
      <Filter>Source Files</Filter>
    </ClCompile>
    <ClCompile Include="VehicleController.cpp">
      <Filter>Source Files</Filter>
    </ClCompile>
    <ClCompile Include="VehicleControllerFactory.cpp">
      <Filter>Source Files</Filter>
    </ClCompile>
    <ClCompile Include="SendSystemMailMessage.cpp">
      <Filter>Source Files</Filter>
    </ClCompile>
    <ClCompile Include="RegionFactory.cpp">
      <Filter>Source Files</Filter>
    </ClCompile>
    <ClCompile Include="ArtisanManager.cpp">
      <Filter>Source Files</Filter>
    </ClCompile>
    <ClCompile Include="CraftingManager.cpp">
      <Filter>Source Files</Filter>
    </ClCompile>
    <ClCompile Include="HamService.cpp">
      <Filter>Source Files</Filter>
    </ClCompile>
    <ClCompile Include="AbstractState.cpp">
      <Filter>Source Files</Filter>
    </ClCompile>
    <ClCompile Include="LocomotionState.cpp">
      <Filter>Source Files</Filter>
    </ClCompile>
    <ClCompile Include="ActionState.cpp">
      <Filter>Source Files</Filter>
    </ClCompile>
    <ClCompile Include="PostureState.cpp">
      <Filter>Source Files</Filter>
    </ClCompile>
    <ClCompile Include="StateManager.cpp">
      <Filter>Source Files</Filter>
    </ClCompile>
  </ItemGroup>
  <ItemGroup>
    <ClInclude Include="ActiveConversation.h">
      <Filter>Header Files</Filter>
    </ClInclude>
    <ClInclude Include="AdminManager.h">
      <Filter>Header Files</Filter>
    </ClInclude>
    <ClInclude Include="ArtisanHeightmapAsyncContainer.h">
      <Filter>Header Files</Filter>
    </ClInclude>
    <ClInclude Include="AttackableCreature.h">
      <Filter>Header Files</Filter>
    </ClInclude>
    <ClInclude Include="AttackableStaticNpc.h">
      <Filter>Header Files</Filter>
    </ClInclude>
    <ClInclude Include="Badge.h">
      <Filter>Header Files</Filter>
    </ClInclude>
    <ClInclude Include="BadgeRegion.h">
      <Filter>Header Files</Filter>
    </ClInclude>
    <ClInclude Include="BadgeRegionFactory.h">
      <Filter>Header Files</Filter>
    </ClInclude>
    <ClInclude Include="Bank.h">
      <Filter>Header Files</Filter>
    </ClInclude>
    <ClInclude Include="BankTerminal.h">
      <Filter>Header Files</Filter>
    </ClInclude>
    <ClInclude Include="BazaarTerminal.h">
      <Filter>Header Files</Filter>
    </ClInclude>
    <ClInclude Include="Buff.h">
      <Filter>Header Files</Filter>
    </ClInclude>
    <ClInclude Include="BuffAttributeEnums.h">
      <Filter>Header Files</Filter>
    </ClInclude>
    <ClInclude Include="BuffDBItem.h">
      <Filter>Header Files</Filter>
    </ClInclude>
    <ClInclude Include="BuffEvent.h">
      <Filter>Header Files</Filter>
    </ClInclude>
    <ClInclude Include="BuffIconsEnum.h">
      <Filter>Header Files</Filter>
    </ClInclude>
    <ClInclude Include="BuffManager.h">
      <Filter>Header Files</Filter>
    </ClInclude>
    <ClInclude Include="BugJar.h">
      <Filter>Header Files</Filter>
    </ClInclude>
    <ClInclude Include="BuildingEnums.h">
      <Filter>Header Files</Filter>
    </ClInclude>
    <ClInclude Include="BuildingFactory.h">
      <Filter>Header Files</Filter>
    </ClInclude>
    <ClInclude Include="BuildingObject.h">
      <Filter>Header Files</Filter>
    </ClInclude>
    <ClInclude Include="Camp.h">
      <Filter>Header Files</Filter>
    </ClInclude>
    <ClInclude Include="CampRegion.h">
      <Filter>Header Files</Filter>
    </ClInclude>
    <ClInclude Include="CampTerminal.h">
      <Filter>Header Files</Filter>
    </ClInclude>
    <ClInclude Include="CellFactory.h">
      <Filter>Header Files</Filter>
    </ClInclude>
    <ClInclude Include="CellObject.h">
      <Filter>Header Files</Filter>
    </ClInclude>
    <ClInclude Include="ChanceCube.h">
      <Filter>Header Files</Filter>
    </ClInclude>
    <ClInclude Include="CharacterBuilderTerminal.h">
      <Filter>Header Files</Filter>
    </ClInclude>
    <ClInclude Include="CharacterLoginHandler.h">
      <Filter>Header Files</Filter>
    </ClInclude>
    <ClInclude Include="CharSheetManager.h">
      <Filter>Header Files</Filter>
    </ClInclude>
    <ClInclude Include="City.h">
      <Filter>Header Files</Filter>
    </ClInclude>
    <ClInclude Include="CityFactory.h">
      <Filter>Header Files</Filter>
    </ClInclude>
    <ClInclude Include="CloningTerminal.h">
      <Filter>Header Files</Filter>
    </ClInclude>
    <ClInclude Include="CMWeaponGroup.h">
      <Filter>Header Files</Filter>
    </ClInclude>
    <ClInclude Include="CombatManager.h">
      <Filter>Header Files</Filter>
    </ClInclude>
    <ClInclude Include="Container.h">
      <Filter>Header Files</Filter>
    </ClInclude>
    <ClInclude Include="ContainerObjectFactory.h">
      <Filter>Header Files</Filter>
    </ClInclude>
    <ClInclude Include="Conversation.h">
      <Filter>Header Files</Filter>
    </ClInclude>
    <ClInclude Include="ConversationManager.h">
      <Filter>Header Files</Filter>
    </ClInclude>
    <ClInclude Include="CraftBatch.h">
      <Filter>Header Files</Filter>
    </ClInclude>
    <ClInclude Include="CraftingEnums.h">
      <Filter>Header Files</Filter>
    </ClInclude>
    <ClInclude Include="CraftingSession.h">
      <Filter>Header Files</Filter>
    </ClInclude>
    <ClInclude Include="CraftingSessionCallBack.h">
      <Filter>Header Files</Filter>
    </ClInclude>
    <ClInclude Include="CraftingSessionFactory.h">
      <Filter>Header Files</Filter>
    </ClInclude>
    <ClInclude Include="CraftingStation.h">
      <Filter>Header Files</Filter>
    </ClInclude>
    <ClInclude Include="CraftingTool.h">
      <Filter>Header Files</Filter>
    </ClInclude>
    <ClInclude Include="CreatureEnums.h">
      <Filter>Header Files</Filter>
    </ClInclude>
    <ClInclude Include="CreatureFactory.h">
      <Filter>Header Files</Filter>
    </ClInclude>
    <ClInclude Include="CreatureObject.h">
      <Filter>Header Files</Filter>
    </ClInclude>
    <ClInclude Include="CreatureSpawnRegion.h">
      <Filter>Header Files</Filter>
    </ClInclude>
    <ClInclude Include="CurrentResource.h">
      <Filter>Header Files</Filter>
    </ClInclude>
    <ClInclude Include="Datapad.h">
      <Filter>Header Files</Filter>
    </ClInclude>
    <ClInclude Include="DatapadFactory.h">
      <Filter>Header Files</Filter>
    </ClInclude>
    <ClInclude Include="Deed.h">
      <Filter>Header Files</Filter>
    </ClInclude>
    <ClInclude Include="DraftSchematic.h">
      <Filter>Header Files</Filter>
    </ClInclude>
    <ClInclude Include="DraftSlot.h">
      <Filter>Header Files</Filter>
    </ClInclude>
    <ClInclude Include="DraftWeight.h">
      <Filter>Header Files</Filter>
    </ClInclude>
    <ClInclude Include="ElevatorTerminal.h">
      <Filter>Header Files</Filter>
    </ClInclude>
    <ClInclude Include="EnqueueValidator.h">
      <Filter>Header Files</Filter>
    </ClInclude>
    <ClInclude Include="EntertainerManager.h">
      <Filter>Header Files</Filter>
    </ClInclude>
    <ClInclude Include="EquipManager.h">
      <Filter>Header Files</Filter>
    </ClInclude>
    <ClInclude Include="EVAbility.h">
      <Filter>Header Files</Filter>
    </ClInclude>
    <ClInclude Include="EVCmdProperty.h">
      <Filter>Header Files</Filter>
    </ClInclude>
    <ClInclude Include="EVPosture.h">
      <Filter>Header Files</Filter>
    </ClInclude>
    <ClInclude Include="EVQueueSize.h">
      <Filter>Header Files</Filter>
    </ClInclude>
    <ClInclude Include="EVState.h">
      <Filter>Header Files</Filter>
    </ClInclude>
    <ClInclude Include="EVSurveySample.h">
      <Filter>Header Files</Filter>
    </ClInclude>
    <ClInclude Include="EVWeapon.h">
      <Filter>Header Files</Filter>
    </ClInclude>
    <ClInclude Include="FactoryBase.h">
      <Filter>Header Files</Filter>
    </ClInclude>
    <ClInclude Include="FactoryCrate.h">
      <Filter>Header Files</Filter>
    </ClInclude>
    <ClInclude Include="FactoryFactory.h">
      <Filter>Header Files</Filter>
    </ClInclude>
    <ClInclude Include="FactoryObject.h">
      <Filter>Header Files</Filter>
    </ClInclude>
    <ClInclude Include="FillerNPC.h">
      <Filter>Header Files</Filter>
    </ClInclude>
    <ClInclude Include="Firework.h">
      <Filter>Header Files</Filter>
    </ClInclude>
    <ClInclude Include="FireworkEvent.h">
      <Filter>Header Files</Filter>
    </ClInclude>
    <ClInclude Include="FireworkManager.h">
      <Filter>Header Files</Filter>
    </ClInclude>
    <ClInclude Include="Food.h">
      <Filter>Header Files</Filter>
    </ClInclude>
    <ClInclude Include="ForageManager.h">
      <Filter>Header Files</Filter>
    </ClInclude>
    <ClInclude Include="Furniture.h">
      <Filter>Header Files</Filter>
    </ClInclude>
    <ClInclude Include="GroupManager.h">
      <Filter>Header Files</Filter>
    </ClInclude>
    <ClInclude Include="GroupManagerHandler.h">
      <Filter>Header Files</Filter>
    </ClInclude>
    <ClInclude Include="GroupObject.h">
      <Filter>Header Files</Filter>
    </ClInclude>
    <ClInclude Include="Ham.h">
      <Filter>Header Files</Filter>
    </ClInclude>
    <ClInclude Include="HamProperty.h">
      <Filter>Header Files</Filter>
    </ClInclude>
    <ClInclude Include="HarvesterFactory.h">
      <Filter>Header Files</Filter>
    </ClInclude>
    <ClInclude Include="HarvesterObject.h">
      <Filter>Header Files</Filter>
    </ClInclude>
    <ClInclude Include="Heightmap.h">
      <Filter>Header Files</Filter>
    </ClInclude>
    <ClInclude Include="HeightmapAsyncContainer.h">
      <Filter>Header Files</Filter>
    </ClInclude>
    <ClInclude Include="HeightMapCallback.h">
      <Filter>Header Files</Filter>
    </ClInclude>
    <ClInclude Include="HouseFactory.h">
      <Filter>Header Files</Filter>
    </ClInclude>
    <ClInclude Include="HouseObject.h">
      <Filter>Header Files</Filter>
    </ClInclude>
    <ClInclude Include="IncapRecoveryEvent.h">
      <Filter>Header Files</Filter>
    </ClInclude>
    <ClInclude Include="InjuryTreatmentEvent.h">
      <Filter>Header Files</Filter>
    </ClInclude>
    <ClInclude Include="Instrument.h">
      <Filter>Header Files</Filter>
    </ClInclude>
    <ClInclude Include="InsuranceTerminal.h">
      <Filter>Header Files</Filter>
    </ClInclude>
    <ClInclude Include="IntangibleFactory.h">
      <Filter>Header Files</Filter>
    </ClInclude>
    <ClInclude Include="IntangibleObject.h">
      <Filter>Header Files</Filter>
    </ClInclude>
    <ClInclude Include="Inventory.h">
      <Filter>Header Files</Filter>
    </ClInclude>
    <ClInclude Include="InventoryFactory.h">
      <Filter>Header Files</Filter>
    </ClInclude>
    <ClInclude Include="Item.h">
      <Filter>Header Files</Filter>
    </ClInclude>
    <ClInclude Include="Item_Enums.h">
      <Filter>Header Files</Filter>
    </ClInclude>
    <ClInclude Include="ItemDeleteEvent.h">
      <Filter>Header Files</Filter>
    </ClInclude>
    <ClInclude Include="ItemFactory.h">
      <Filter>Header Files</Filter>
    </ClInclude>
    <ClInclude Include="LairObject.h">
      <Filter>Header Files</Filter>
    </ClInclude>
    <ClInclude Include="LogOutEvent.h">
      <Filter>Header Files</Filter>
    </ClInclude>
    <ClInclude Include="ManufacturingSchematic.h">
      <Filter>Header Files</Filter>
    </ClInclude>
    <ClInclude Include="Medicine.h">
      <Filter>Header Files</Filter>
    </ClInclude>
    <ClInclude Include="MedicManager.h">
      <Filter>Header Files</Filter>
    </ClInclude>
    <ClInclude Include="MissionBag.h">
      <Filter>Header Files</Filter>
    </ClInclude>
    <ClInclude Include="MissionFactory.h">
      <Filter>Header Files</Filter>
    </ClInclude>
    <ClInclude Include="MissionManager.h">
      <Filter>Header Files</Filter>
    </ClInclude>
    <ClInclude Include="MissionObject.h">
      <Filter>Header Files</Filter>
    </ClInclude>
    <ClInclude Include="MissionTerminal.h">
      <Filter>Header Files</Filter>
    </ClInclude>
    <ClInclude Include="MountObject.h">
      <Filter>Header Files</Filter>
    </ClInclude>
    <ClInclude Include="MovingObject.h">
      <Filter>Header Files</Filter>
    </ClInclude>
    <ClInclude Include="noiseutils.h">
      <Filter>Header Files</Filter>
    </ClInclude>
    <ClInclude Include="nonPersistantObjectFactory.h">
      <Filter>Header Files</Filter>
    </ClInclude>
    <ClInclude Include="NonPersistentItemFactory.h">
      <Filter>Header Files</Filter>
    </ClInclude>
    <ClInclude Include="NonPersistentNpcFactory.h">
      <Filter>Header Files</Filter>
    </ClInclude>
    <ClInclude Include="NPC_Enums.h">
      <Filter>Header Files</Filter>
    </ClInclude>
    <ClInclude Include="NpcIdentifier.h">
      <Filter>Header Files</Filter>
    </ClInclude>
    <ClInclude Include="NpcManager.h">
      <Filter>Header Files</Filter>
    </ClInclude>
    <ClInclude Include="NPCObject.h">
      <Filter>Header Files</Filter>
    </ClInclude>
    <ClInclude Include="objcontrollercommandmessage.h">
      <Filter>Header Files</Filter>
    </ClInclude>
    <ClInclude Include="ObjControllerEvent.h">
      <Filter>Header Files</Filter>
    </ClInclude>
    <ClInclude Include="Object.h">
      <Filter>Header Files</Filter>
    </ClInclude>
    <ClInclude Include="Object_Enums.h">
      <Filter>Header Files</Filter>
    </ClInclude>
    <ClInclude Include="ObjectContainer.h">
      <Filter>Header Files</Filter>
    </ClInclude>
    <ClInclude Include="ObjectController.h">
      <Filter>Header Files</Filter>
    </ClInclude>
    <ClInclude Include="ObjectControllerCommandMap.h">
      <Filter>Header Files</Filter>
    </ClInclude>
    <ClInclude Include="ObjectControllerDispatch.h">
      <Filter>Header Files</Filter>
    </ClInclude>
    <ClInclude Include="ObjectControllerOpcodes.h">
      <Filter>Header Files</Filter>
    </ClInclude>
    <ClInclude Include="ObjectFactory.h">
      <Filter>Header Files</Filter>
    </ClInclude>
    <ClInclude Include="ObjectFactoryCallback.h">
      <Filter>Header Files</Filter>
    </ClInclude>
    <ClInclude Include="PersistentNpcFactory.h">
      <Filter>Header Files</Filter>
    </ClInclude>
    <ClInclude Include="PlayerEnums.h">
      <Filter>Header Files</Filter>
    </ClInclude>
    <ClInclude Include="PlayerObject.h">
      <Filter>Header Files</Filter>
    </ClInclude>
    <ClInclude Include="PlayerObjectFactory.h">
      <Filter>Header Files</Filter>
    </ClInclude>
    <ClInclude Include="PlayerStructure.h">
      <Filter>Header Files</Filter>
    </ClInclude>
    <ClInclude Include="PlayerStructureTerminal.h">
      <Filter>Header Files</Filter>
    </ClInclude>
    <ClInclude Include="ProcessValidator.h">
      <Filter>Header Files</Filter>
    </ClInclude>
    <ClInclude Include="PVHam.h">
      <Filter>Header Files</Filter>
    </ClInclude>
    <ClInclude Include="PVPosture.h">
      <Filter>Header Files</Filter>
    </ClInclude>
    <ClInclude Include="PVState.h">
      <Filter>Header Files</Filter>
    </ClInclude>
    <ClInclude Include="QTRegion.h">
      <Filter>Header Files</Filter>
    </ClInclude>
    <ClInclude Include="QTRegionFactory.h">
      <Filter>Header Files</Filter>
    </ClInclude>
    <ClInclude Include="QuadTree.h">
      <Filter>Header Files</Filter>
    </ClInclude>
    <ClInclude Include="QuadTreeNode.h">
      <Filter>Header Files</Filter>
    </ClInclude>
    <ClInclude Include="QuestGiver.h">
      <Filter>Header Files</Filter>
    </ClInclude>
    <ClInclude Include="RadialEnums.h">
      <Filter>Header Files</Filter>
    </ClInclude>
    <ClInclude Include="RadialMenu.h">
      <Filter>Header Files</Filter>
    </ClInclude>
    <ClInclude Include="RadialMenuItem.h">
      <Filter>Header Files</Filter>
    </ClInclude>
    <ClInclude Include="RegionFactory.h">
      <Filter>Header Files</Filter>
    </ClInclude>
    <ClInclude Include="RegionObject.h">
      <Filter>Header Files</Filter>
    </ClInclude>
    <ClInclude Include="Resource.h">
      <Filter>Header Files</Filter>
    </ClInclude>
    <ClInclude Include="ResourceCategory.h">
      <Filter>Header Files</Filter>
    </ClInclude>
    <ClInclude Include="ResourceContainer.h">
      <Filter>Header Files</Filter>
    </ClInclude>
    <ClInclude Include="ResourceContainerFactory.h">
      <Filter>Header Files</Filter>
    </ClInclude>
    <ClInclude Include="ResourceManager.h">
      <Filter>Header Files</Filter>
    </ClInclude>
    <ClInclude Include="ResourceType.h">
      <Filter>Header Files</Filter>
    </ClInclude>
    <ClInclude Include="SampleEvent.h">
      <Filter>Header Files</Filter>
    </ClInclude>
    <ClInclude Include="SchematicGroup.h">
      <Filter>Header Files</Filter>
    </ClInclude>
    <ClInclude Include="SchematicManager.h">
      <Filter>Header Files</Filter>
    </ClInclude>
    <ClInclude Include="Scout.h">
      <Filter>Header Files</Filter>
    </ClInclude>
    <ClInclude Include="ScoutManager.h">
      <Filter>Header Files</Filter>
    </ClInclude>
    <ClInclude Include="Shuttle.h">
      <Filter>Header Files</Filter>
    </ClInclude>
    <ClInclude Include="ShuttleFactory.h">
      <Filter>Header Files</Filter>
    </ClInclude>
    <ClInclude Include="Skill.h">
      <Filter>Header Files</Filter>
    </ClInclude>
    <ClInclude Include="SkillEnums.h">
      <Filter>Header Files</Filter>
    </ClInclude>
    <ClInclude Include="SkillManager.h">
      <Filter>Header Files</Filter>
    </ClInclude>
    <ClInclude Include="SpawnPoint.h">
      <Filter>Header Files</Filter>
    </ClInclude>
    <ClInclude Include="SpawnRegion.h">
      <Filter>Header Files</Filter>
    </ClInclude>
    <ClInclude Include="SpawnRegionFactory.h">
      <Filter>Header Files</Filter>
    </ClInclude>
    <ClInclude Include="StaticObject.h">
      <Filter>Header Files</Filter>
    </ClInclude>
    <ClInclude Include="Stomach.h">
      <Filter>Header Files</Filter>
    </ClInclude>
    <ClInclude Include="StructureHeightmapAsyncContainer.h">
      <Filter>Header Files</Filter>
    </ClInclude>
    <ClInclude Include="StructureManager.h">
      <Filter>Header Files</Filter>
    </ClInclude>
    <ClInclude Include="SurveyEvent.h">
      <Filter>Header Files</Filter>
    </ClInclude>
    <ClInclude Include="SurveyTool.h">
      <Filter>Header Files</Filter>
    </ClInclude>
    <ClInclude Include="TangibleEnums.h">
      <Filter>Header Files</Filter>
    </ClInclude>
    <ClInclude Include="TangibleFactory.h">
      <Filter>Header Files</Filter>
    </ClInclude>
    <ClInclude Include="TangibleObject.h">
      <Filter>Header Files</Filter>
    </ClInclude>
    <ClInclude Include="Terminal.h">
      <Filter>Header Files</Filter>
    </ClInclude>
    <ClInclude Include="TerminalFactory.h">
      <Filter>Header Files</Filter>
    </ClInclude>
    <ClInclude Include="TicketCollector.h">
      <Filter>Header Files</Filter>
    </ClInclude>
    <ClInclude Include="TicketCollectorFactory.h">
      <Filter>Header Files</Filter>
    </ClInclude>
    <ClInclude Include="Trade.h">
      <Filter>Header Files</Filter>
    </ClInclude>
    <ClInclude Include="TradeManager.h">
      <Filter>Header Files</Filter>
    </ClInclude>
    <ClInclude Include="Trainer.h">
      <Filter>Header Files</Filter>
    </ClInclude>
    <ClInclude Include="TravelMapHandler.h">
      <Filter>Header Files</Filter>
    </ClInclude>
    <ClInclude Include="TravelTerminal.h">
      <Filter>Header Files</Filter>
    </ClInclude>
    <ClInclude Include="TravelTicket.h">
      <Filter>Header Files</Filter>
    </ClInclude>
    <ClInclude Include="TreasuryManager.h">
      <Filter>Header Files</Filter>
    </ClInclude>
    <ClInclude Include="Tutorial.h">
      <Filter>Header Files</Filter>
    </ClInclude>
    <ClInclude Include="UIButton.h">
      <Filter>Header Files</Filter>
    </ClInclude>
    <ClInclude Include="UICallback.h">
      <Filter>Header Files</Filter>
    </ClInclude>
    <ClInclude Include="UICloneSelectListBox.h">
      <Filter>Header Files</Filter>
    </ClInclude>
    <ClInclude Include="UIDropdownBox.h">
      <Filter>Header Files</Filter>
    </ClInclude>
    <ClInclude Include="UIElement.h">
      <Filter>Header Files</Filter>
    </ClInclude>
    <ClInclude Include="UIEnums.h">
      <Filter>Header Files</Filter>
    </ClInclude>
    <ClInclude Include="UIInputBox.h">
      <Filter>Header Files</Filter>
    </ClInclude>
    <ClInclude Include="UIInputField.h">
      <Filter>Header Files</Filter>
    </ClInclude>
    <ClInclude Include="UIListBox.h">
      <Filter>Header Files</Filter>
    </ClInclude>
    <ClInclude Include="UIManager.h">
      <Filter>Header Files</Filter>
    </ClInclude>
    <ClInclude Include="UIMessageBox.h">
      <Filter>Header Files</Filter>
    </ClInclude>
    <ClInclude Include="UIOfferTeachBox.h">
      <Filter>Header Files</Filter>
    </ClInclude>
    <ClInclude Include="UIOpcodes.h">
      <Filter>Header Files</Filter>
    </ClInclude>
    <ClInclude Include="UIPlayerSelectBox.h">
      <Filter>Header Files</Filter>
    </ClInclude>
    <ClInclude Include="UIResourceSelectListBox.h">
      <Filter>Header Files</Filter>
    </ClInclude>
    <ClInclude Include="UISkillSelectBox.h">
      <Filter>Header Files</Filter>
    </ClInclude>
    <ClInclude Include="UITicketSelectListBox.h">
      <Filter>Header Files</Filter>
    </ClInclude>
    <ClInclude Include="UITransferBox.h">
      <Filter>Header Files</Filter>
    </ClInclude>
    <ClInclude Include="UIWindow.h">
      <Filter>Header Files</Filter>
    </ClInclude>
    <ClInclude Include="WaypointFactory.h">
      <Filter>Header Files</Filter>
    </ClInclude>
    <ClInclude Include="WaypointObject.h">
      <Filter>Header Files</Filter>
    </ClInclude>
    <ClInclude Include="Weapon.h">
      <Filter>Header Files</Filter>
    </ClInclude>
    <ClInclude Include="Wearable.h">
      <Filter>Header Files</Filter>
    </ClInclude>
    <ClInclude Include="Weather.h">
      <Filter>Header Files</Filter>
    </ClInclude>
    <ClInclude Include="WeightsBatch.h">
      <Filter>Header Files</Filter>
    </ClInclude>
    <ClInclude Include="WorldConfig.h">
      <Filter>Header Files</Filter>
    </ClInclude>
    <ClInclude Include="WorldManager.h">
      <Filter>Header Files</Filter>
    </ClInclude>
    <ClInclude Include="WorldManagerEnums.h">
      <Filter>Header Files</Filter>
    </ClInclude>
    <ClInclude Include="ZoneOpcodes.h">
      <Filter>Header Files</Filter>
    </ClInclude>
    <ClInclude Include="ZoneServer.h">
      <Filter>Header Files</Filter>
    </ClInclude>
    <ClInclude Include="ZoneTree.h">
      <Filter>Header Files</Filter>
    </ClInclude>
    <ClInclude Include="VehicleController.h">
      <Filter>Header Files</Filter>
    </ClInclude>
    <ClInclude Include="VehicleControllerFactory.h">
      <Filter>Header Files</Filter>
    </ClInclude>
    <ClInclude Include="GroupManagerCallback.h">
      <Filter>Header Files</Filter>
    </ClInclude>
    <ClInclude Include="GroupManagerCallbackContainer.h">
      <Filter>Header Files</Filter>
    </ClInclude>
    <ClInclude Include="WoundTreatmentEvent.h">
      <Filter>Header Files</Filter>
    </ClInclude>
    <ClInclude Include="quickHealInjuryEvent.h">
      <Filter>Header Files</Filter>
    </ClInclude>
    <ClInclude Include="QuickHealInjuryTreatmentEvent.h">
      <Filter>Header Files</Filter>
    </ClInclude>
    <ClInclude Include="OCStructureHandlers.h">
      <Filter>Header Files</Filter>
    </ClInclude>
    <ClInclude Include="SendSystemMailMessage.h">
      <Filter>Header Files</Filter>
    </ClInclude>
    <ClInclude Include="SocialChatTypes.h">
      <Filter>Header Files</Filter>
    </ClInclude>
    <ClInclude Include="MoodTypes.h">
      <Filter>Header Files</Filter>
    </ClInclude>
    <ClInclude Include="ArtisanManager.h">
      <Filter>Header Files</Filter>
    </ClInclude>
    <ClInclude Include="CraftingManager.h">
      <Filter>Header Files</Filter>
    </ClInclude>
    <ClInclude Include="HamService.h">
      <Filter>Header Files</Filter>
    </ClInclude>
    <ClInclude Include="AbstractState.h">
      <Filter>Header Files</Filter>
    </ClInclude>
    <ClInclude Include="resource1.h">
      <Filter>Header Files</Filter>
    </ClInclude>
    <ClInclude Include="LocomotionState.h">
      <Filter>Header Files</Filter>
    </ClInclude>
    <ClInclude Include="ActionState.h">
      <Filter>Header Files</Filter>
    </ClInclude>
    <ClInclude Include="PostureState.h">
      <Filter>Header Files</Filter>
    </ClInclude>
    <ClInclude Include="StateManager.h">
      <Filter>Header Files</Filter>
    </ClInclude>
    <ResourceCompile Include="ZoneServer.rc" />
    <ClInclude Include="OCCommonHandlers.h">
      <Filter>Header Files</Filter>
    </ClInclude>
  </ItemGroup>
</Project>