<?xml version="1.0" encoding="utf-8"?>
<Project ToolsVersion="4.0" xmlns="http://schemas.microsoft.com/developer/msbuild/2003">
  <ItemGroup>
    <Filter Include="Source Files">
      <UniqueIdentifier>{4FC737F1-C7A5-4376-A066-2A32D752A2FF}</UniqueIdentifier>
      <Extensions>cpp;c;cc;cxx;def;odl;idl;hpj;bat;asm;asmx</Extensions>
    </Filter>
    <Filter Include="Header Files">
      <UniqueIdentifier>{93995380-89BD-4b04-88EB-625FBE52EBFB}</UniqueIdentifier>
      <Extensions>h;hpp;hxx;hm;inl;inc;xsd</Extensions>
    </Filter>
  </ItemGroup>
  <ItemGroup>
    <ClCompile Include="Channel.cpp">
      <Filter>Source Files</Filter>
    </ClCompile>
    <ClCompile Include="CharacterAdminHandler.cpp">
      <Filter>Source Files</Filter>
    </ClCompile>
    <ClCompile Include="ChatAvatarId.cpp">
      <Filter>Source Files</Filter>
    </ClCompile>
    <ClCompile Include="ChatManager.cpp">
      <Filter>Source Files</Filter>
    </ClCompile>
    <ClCompile Include="ChatMessageLib.cpp">
      <Filter>Source Files</Filter>
    </ClCompile>
    <ClCompile Include="ChatMessages.cpp">
      <Filter>Source Files</Filter>
    </ClCompile>
    <ClCompile Include="ChatServer.cpp">
      <Filter>Source Files</Filter>
    </ClCompile>
    <ClCompile Include="CSRManager.cpp">
      <Filter>Source Files</Filter>
    </ClCompile>
    <ClCompile Include="CSRMessages.cpp">
      <Filter>Source Files</Filter>
    </ClCompile>
    <ClCompile Include="GroupManager.cpp">
      <Filter>Source Files</Filter>
    </ClCompile>
    <ClCompile Include="GroupMessages.cpp">
      <Filter>Source Files</Filter>
    </ClCompile>
    <ClCompile Include="GroupObject.cpp">
      <Filter>Source Files</Filter>
    </ClCompile>
    <ClCompile Include="PlanetMapHandler.cpp">
      <Filter>Source Files</Filter>
    </ClCompile>
    <ClCompile Include="Player.cpp">
      <Filter>Source Files</Filter>
    </ClCompile>
    <ClCompile Include="StructureManagerChat.cpp">
      <Filter>Source Files</Filter>
    </ClCompile>
    <ClCompile Include="TradeManagerChat.cpp">
      <Filter>Source Files</Filter>
    </ClCompile>
    <ClCompile Include="TradeManagerHelp.cpp">
      <Filter>Source Files</Filter>
    </ClCompile>
    <ClCompile Include="TradeMessages.cpp">
      <Filter>Source Files</Filter>
    </ClCompile>
  </ItemGroup>
  <ItemGroup>
    <ClInclude Include="Channel.h">
      <Filter>Header Files</Filter>
    </ClInclude>
    <ClInclude Include="CharacterAdminHandler.h">
      <Filter>Header Files</Filter>
    </ClInclude>
    <ClInclude Include="ChatAvatarId.h">
      <Filter>Header Files</Filter>
    </ClInclude>
    <ClInclude Include="ChatManager.h">
      <Filter>Header Files</Filter>
    </ClInclude>
    <ClInclude Include="ChatMessageLib.h">
      <Filter>Header Files</Filter>
    </ClInclude>
    <ClInclude Include="ChatOpcodes.h">
      <Filter>Header Files</Filter>
    </ClInclude>
    <ClInclude Include="ChatServer.h">
      <Filter>Header Files</Filter>
    </ClInclude>
    <ClInclude Include="CSRManager.h">
      <Filter>Header Files</Filter>
    </ClInclude>
    <ClInclude Include="CSRObjects.h">
      <Filter>Header Files</Filter>
    </ClInclude>
    <ClInclude Include="CSROpcodes.h">
      <Filter>Header Files</Filter>
    </ClInclude>
    <ClInclude Include="GroupManager.h">
      <Filter>Header Files</Filter>
    </ClInclude>
    <ClInclude Include="GroupObject.h">
      <Filter>Header Files</Filter>
    </ClInclude>
    <ClInclude Include="Mail.h">
      <Filter>Header Files</Filter>
    </ClInclude>
    <ClInclude Include="PlanetMapHandler.h">
      <Filter>Header Files</Filter>
    </ClInclude>
    <ClInclude Include="Player.h">
      <Filter>Header Files</Filter>
    </ClInclude>
    <ClInclude Include="StructureManagerChat.h">
      <Filter>Header Files</Filter>
    </ClInclude>
    <ClInclude Include="TradeManagerChat.h">
      <Filter>Header Files</Filter>
    </ClInclude>
    <ClInclude Include="TradeManagerHelp.h">
      <Filter>Header Files</Filter>
    </ClInclude>
  </ItemGroup>
</Project>