<?xml version="1.0" encoding="utf-8"?>
<Project ToolsVersion="4.0" xmlns="http://schemas.microsoft.com/developer/msbuild/2003">
  <ItemGroup>
    <Filter Include="Source Files">
      <UniqueIdentifier>{4FC737F1-C7A5-4376-A066-2A32D752A2FF}</UniqueIdentifier>
      <Extensions>cpp;c;cc;cxx;def;odl;idl;hpj;bat;asm;asmx</Extensions>
    </Filter>
    <Filter Include="Header Files">
      <UniqueIdentifier>{93995380-89BD-4b04-88EB-625FBE52EBFB}</UniqueIdentifier>
      <Extensions>h;hpp;hxx;hm;inl;inc;xsd</Extensions>
    </Filter>
  </ItemGroup>
  <ItemGroup>
    <ClInclude Include="atMacroString.h">
      <Filter>Header Files</Filter>
    </ClInclude>
    <ClInclude Include="BuildInfo.h">
      <Filter>Header Files</Filter>
    </ClInclude>
    <ClInclude Include="OutOfBand.h">
      <Filter>Header Files</Filter>
    </ClInclude>
    <ClInclude Include="EventDispatcher.h">
      <Filter>Header Files</Filter>
    </ClInclude>
    <ClInclude Include="Event.h">
      <Filter>Header Files</Filter>
    </ClInclude>
    <ClInclude Include="Crc.h">
      <Filter>Header Files</Filter>
    </ClInclude>
    <ClInclude Include="HashString.h">
      <Filter>Header Files</Filter>
    </ClInclude>
    <ClInclude Include="ApplicationService.h">
      <Filter>Header Files</Filter>
    </ClInclude>
    <ClInclude Include="declspec.h">
      <Filter>Header Files</Filter>
    </ClInclude>
    <ClInclude Include="ConfigFile.h">
      <Filter>Header Files</Filter>
    </ClInclude>
    <ClInclude Include="ConfigManager.h">
      <Filter>Header Files</Filter>
    </ClInclude>
    <ClInclude Include="LogManager.h">
      <Filter>Header Files</Filter>
    </ClInclude>
    <ClInclude Include="byte_buffer.h">
      <Filter>Header Files</Filter>
    </ClInclude>
    <ClInclude Include="byte_buffer-inl.h">
      <Filter>Header Files</Filter>
    </ClInclude>
  </ItemGroup>
  <ItemGroup>
    <ClCompile Include="ApplicationService.cc">
      <Filter>Source Files</Filter>
    </ClCompile>
    <ClCompile Include="atMacroString.cc">
      <Filter>Source Files</Filter>
    </ClCompile>
    <ClCompile Include="BuildInfo.cc">
      <Filter>Source Files</Filter>
    </ClCompile>
    <ClCompile Include="byte_buffer.cc">
      <Filter>Source Files</Filter>
    </ClCompile>
    <ClCompile Include="ConfigFile.cc">
      <Filter>Source Files</Filter>
    </ClCompile>
    <ClCompile Include="ConfigManager.cc">
      <Filter>Source Files</Filter>
    </ClCompile>
    <ClCompile Include="Crc.cc">
      <Filter>Source Files</Filter>
    </ClCompile>
    <ClCompile Include="Event.cc">
      <Filter>Source Files</Filter>
    </ClCompile>
    <ClCompile Include="EventDispatcher.cc">
      <Filter>Source Files</Filter>
    </ClCompile>
    <ClCompile Include="HashString.cc">
      <Filter>Source Files</Filter>
    </ClCompile>
    <ClCompile Include="LogManager.cc">
      <Filter>Source Files</Filter>
    </ClCompile>
    <ClCompile Include="OutOfBand.cc">
      <Filter>Source Files</Filter>
    </ClCompile>
  </ItemGroup>
</Project>